// !$*UTF8*$!
{
	archiveVersion = 1;
	classes = {
	};
	objectVersion = 50;
	objects = {

/* Begin PBXBuildFile section */
		3DA307CC25F55F6F00FD50CF /* SaveNoteViewController.swift in Sources */ = {isa = PBXBuildFile; fileRef = 3DA307CB25F55F6F00FD50CF /* SaveNoteViewController.swift */; };
		3DAABC6525F40DA80042AD4D /* AppDelegate.swift in Sources */ = {isa = PBXBuildFile; fileRef = 3DAABC6425F40DA80042AD4D /* AppDelegate.swift */; };
		3DAABC6725F40DA80042AD4D /* SceneDelegate.swift in Sources */ = {isa = PBXBuildFile; fileRef = 3DAABC6625F40DA80042AD4D /* SceneDelegate.swift */; };
		3DAABC6925F40DA80042AD4D /* MyNotesViewController.swift in Sources */ = {isa = PBXBuildFile; fileRef = 3DAABC6825F40DA80042AD4D /* MyNotesViewController.swift */; };
		3DAABC6C25F40DA80042AD4D /* Main.storyboard in Resources */ = {isa = PBXBuildFile; fileRef = 3DAABC6A25F40DA80042AD4D /* Main.storyboard */; };
		3DAABC6F25F40DA90042AD4D /* UIKitMyNotes.xcdatamodeld in Sources */ = {isa = PBXBuildFile; fileRef = 3DAABC6D25F40DA90042AD4D /* UIKitMyNotes.xcdatamodeld */; };
		3DAABC7125F40DB30042AD4D /* Assets.xcassets in Resources */ = {isa = PBXBuildFile; fileRef = 3DAABC7025F40DB30042AD4D /* Assets.xcassets */; };
		3DAABC7425F40DB30042AD4D /* LaunchScreen.storyboard in Resources */ = {isa = PBXBuildFile; fileRef = 3DAABC7225F40DB30042AD4D /* LaunchScreen.storyboard */; };
		3DAABC7F25F4117F0042AD4D /* NotesRepository.swift in Sources */ = {isa = PBXBuildFile; fileRef = 3DAABC7E25F4117F0042AD4D /* NotesRepository.swift */; };
		3DAABC8425F412330042AD4D /* Note.swift in Sources */ = {isa = PBXBuildFile; fileRef = 3DAABC8325F412330042AD4D /* Note.swift */; };
		3DC70F4B25F5171A00C446B2 /* MyNotesViewModel.swift in Sources */ = {isa = PBXBuildFile; fileRef = 3DC70F4A25F5171A00C446B2 /* MyNotesViewModel.swift */; };
/* End PBXBuildFile section */

/* Begin PBXFileReference section */
		3DA307CB25F55F6F00FD50CF /* SaveNoteViewController.swift */ = {isa = PBXFileReference; lastKnownFileType = sourcecode.swift; path = SaveNoteViewController.swift; sourceTree = "<group>"; };
		3DAABC6125F40DA80042AD4D /* UIKitMyNotes.app */ = {isa = PBXFileReference; explicitFileType = wrapper.application; includeInIndex = 0; path = UIKitMyNotes.app; sourceTree = BUILT_PRODUCTS_DIR; };
		3DAABC6425F40DA80042AD4D /* AppDelegate.swift */ = {isa = PBXFileReference; lastKnownFileType = sourcecode.swift; path = AppDelegate.swift; sourceTree = "<group>"; };
		3DAABC6625F40DA80042AD4D /* SceneDelegate.swift */ = {isa = PBXFileReference; lastKnownFileType = sourcecode.swift; path = SceneDelegate.swift; sourceTree = "<group>"; };
		3DAABC6825F40DA80042AD4D /* MyNotesViewController.swift */ = {isa = PBXFileReference; lastKnownFileType = sourcecode.swift; path = MyNotesViewController.swift; sourceTree = "<group>"; };
		3DAABC6B25F40DA80042AD4D /* Base */ = {isa = PBXFileReference; lastKnownFileType = file.storyboard; name = Base; path = Base.lproj/Main.storyboard; sourceTree = "<group>"; };
		3DAABC6E25F40DA90042AD4D /* UIKitMyNotes.xcdatamodel */ = {isa = PBXFileReference; lastKnownFileType = wrapper.xcdatamodel; path = UIKitMyNotes.xcdatamodel; sourceTree = "<group>"; };
		3DAABC7025F40DB30042AD4D /* Assets.xcassets */ = {isa = PBXFileReference; lastKnownFileType = folder.assetcatalog; path = Assets.xcassets; sourceTree = "<group>"; };
		3DAABC7325F40DB30042AD4D /* Base */ = {isa = PBXFileReference; lastKnownFileType = file.storyboard; name = Base; path = Base.lproj/LaunchScreen.storyboard; sourceTree = "<group>"; };
		3DAABC7525F40DB30042AD4D /* Info.plist */ = {isa = PBXFileReference; lastKnownFileType = text.plist.xml; path = Info.plist; sourceTree = "<group>"; };
		3DAABC7E25F4117F0042AD4D /* NotesRepository.swift */ = {isa = PBXFileReference; lastKnownFileType = sourcecode.swift; path = NotesRepository.swift; sourceTree = "<group>"; };
		3DAABC8325F412330042AD4D /* Note.swift */ = {isa = PBXFileReference; lastKnownFileType = sourcecode.swift; path = Note.swift; sourceTree = "<group>"; };
		3DC70F4A25F5171A00C446B2 /* MyNotesViewModel.swift */ = {isa = PBXFileReference; lastKnownFileType = sourcecode.swift; path = MyNotesViewModel.swift; sourceTree = "<group>"; };
/* End PBXFileReference section */

/* Begin PBXFrameworksBuildPhase section */
		3DAABC5E25F40DA80042AD4D /* Frameworks */ = {
			isa = PBXFrameworksBuildPhase;
			buildActionMask = 2147483647;
			files = (
			);
			runOnlyForDeploymentPostprocessing = 0;
		};
/* End PBXFrameworksBuildPhase section */

/* Begin PBXGroup section */
		3DA307C925F55F3A00FD50CF /* mynotes */ = {
			isa = PBXGroup;
			children = (
				3DAABC6825F40DA80042AD4D /* MyNotesViewController.swift */,
				3DC70F4A25F5171A00C446B2 /* MyNotesViewModel.swift */,
			);
			path = mynotes;
			sourceTree = "<group>";
		};
		3DA307CA25F55F4D00FD50CF /* savenote */ = {
			isa = PBXGroup;
			children = (
				3DA307CB25F55F6F00FD50CF /* SaveNoteViewController.swift */,
			);
			path = savenote;
			sourceTree = "<group>";
		};
		3DAABC5825F40DA80042AD4D = {
			isa = PBXGroup;
			children = (
				3DAABC6325F40DA80042AD4D /* UIKitMyNotes */,
				3DAABC6225F40DA80042AD4D /* Products */,
			);
			sourceTree = "<group>";
		};
		3DAABC6225F40DA80042AD4D /* Products */ = {
			isa = PBXGroup;
			children = (
				3DAABC6125F40DA80042AD4D /* UIKitMyNotes.app */,
			);
			name = Products;
			sourceTree = "<group>";
		};
		3DAABC6325F40DA80042AD4D /* UIKitMyNotes */ = {
			isa = PBXGroup;
			children = (
				3DC70F4825F5059D00C446B2 /* ui */,
				3DAABC8125F4120E0042AD4D /* domain */,
				3DAABC7D25F411670042AD4D /* persistence */,
				3DAABC6425F40DA80042AD4D /* AppDelegate.swift */,
				3DAABC6625F40DA80042AD4D /* SceneDelegate.swift */,
				3DAABC6A25F40DA80042AD4D /* Main.storyboard */,
				3DAABC7025F40DB30042AD4D /* Assets.xcassets */,
				3DAABC7225F40DB30042AD4D /* LaunchScreen.storyboard */,
				3DAABC7525F40DB30042AD4D /* Info.plist */,
				3DAABC6D25F40DA90042AD4D /* UIKitMyNotes.xcdatamodeld */,
			);
			path = UIKitMyNotes;
			sourceTree = "<group>";
		};
		3DAABC7D25F411670042AD4D /* persistence */ = {
			isa = PBXGroup;
			children = (
				3DAABC7E25F4117F0042AD4D /* NotesRepository.swift */,
			);
			name = persistence;
			sourceTree = "<group>";
		};
		3DAABC8125F4120E0042AD4D /* domain */ = {
			isa = PBXGroup;
			children = (
				3DAABC8225F412220042AD4D /* model */,
			);
			path = domain;
			sourceTree = "<group>";
		};
		3DAABC8225F412220042AD4D /* model */ = {
			isa = PBXGroup;
			children = (
				3DAABC8325F412330042AD4D /* Note.swift */,
			);
			path = model;
			sourceTree = "<group>";
		};
		3DC70F4825F5059D00C446B2 /* ui */ = {
			isa = PBXGroup;
			children = (
				3DA307CA25F55F4D00FD50CF /* savenote */,
				3DA307C925F55F3A00FD50CF /* mynotes */,
			);
			path = ui;
			sourceTree = "<group>";
		};
/* End PBXGroup section */

/* Begin PBXNativeTarget section */
		3DAABC6025F40DA80042AD4D /* UIKitMyNotes */ = {
			isa = PBXNativeTarget;
			buildConfigurationList = 3DAABC7825F40DB30042AD4D /* Build configuration list for PBXNativeTarget "UIKitMyNotes" */;
			buildPhases = (
				3DAABC5D25F40DA80042AD4D /* Sources */,
				3DAABC5E25F40DA80042AD4D /* Frameworks */,
				3DAABC5F25F40DA80042AD4D /* Resources */,
			);
			buildRules = (
			);
			dependencies = (
			);
			name = UIKitMyNotes;
			productName = UIKitMyNotes;
			productReference = 3DAABC6125F40DA80042AD4D /* UIKitMyNotes.app */;
			productType = "com.apple.product-type.application";
		};
/* End PBXNativeTarget section */

/* Begin PBXProject section */
		3DAABC5925F40DA80042AD4D /* Project object */ = {
			isa = PBXProject;
			attributes = {
				LastSwiftUpdateCheck = 1240;
				LastUpgradeCheck = 1240;
				TargetAttributes = {
					3DAABC6025F40DA80042AD4D = {
						CreatedOnToolsVersion = 12.4;
					};
				};
			};
			buildConfigurationList = 3DAABC5C25F40DA80042AD4D /* Build configuration list for PBXProject "UIKitMyNotes" */;
			compatibilityVersion = "Xcode 9.3";
			developmentRegion = en;
			hasScannedForEncodings = 0;
			knownRegions = (
				en,
				Base,
			);
			mainGroup = 3DAABC5825F40DA80042AD4D;
			productRefGroup = 3DAABC6225F40DA80042AD4D /* Products */;
			projectDirPath = "";
			projectRoot = "";
			targets = (
				3DAABC6025F40DA80042AD4D /* UIKitMyNotes */,
			);
		};
/* End PBXProject section */

/* Begin PBXResourcesBuildPhase section */
		3DAABC5F25F40DA80042AD4D /* Resources */ = {
			isa = PBXResourcesBuildPhase;
			buildActionMask = 2147483647;
			files = (
				3DAABC7425F40DB30042AD4D /* LaunchScreen.storyboard in Resources */,
				3DAABC7125F40DB30042AD4D /* Assets.xcassets in Resources */,
				3DAABC6C25F40DA80042AD4D /* Main.storyboard in Resources */,
			);
			runOnlyForDeploymentPostprocessing = 0;
		};
/* End PBXResourcesBuildPhase section */

/* Begin PBXSourcesBuildPhase section */
		3DAABC5D25F40DA80042AD4D /* Sources */ = {
			isa = PBXSourcesBuildPhase;
			buildActionMask = 2147483647;
			files = (
				3DAABC6925F40DA80042AD4D /* MyNotesViewController.swift in Sources */,
				3DAABC7F25F4117F0042AD4D /* NotesRepository.swift in Sources */,
				3DAABC6525F40DA80042AD4D /* AppDelegate.swift in Sources */,
				3DA307CC25F55F6F00FD50CF /* SaveNoteViewController.swift in Sources */,
				3DAABC6F25F40DA90042AD4D /* UIKitMyNotes.xcdatamodeld in Sources */,
				3DC70F4B25F5171A00C446B2 /* MyNotesViewModel.swift in Sources */,
				3DAABC6725F40DA80042AD4D /* SceneDelegate.swift in Sources */,
				3DAABC8425F412330042AD4D /* Note.swift in Sources */,
			);
			runOnlyForDeploymentPostprocessing = 0;
		};
/* End PBXSourcesBuildPhase section */

/* Begin PBXVariantGroup section */
		3DAABC6A25F40DA80042AD4D /* Main.storyboard */ = {
			isa = PBXVariantGroup;
			children = (
				3DAABC6B25F40DA80042AD4D /* Base */,
			);
			name = Main.storyboard;
			sourceTree = "<group>";
		};
		3DAABC7225F40DB30042AD4D /* LaunchScreen.storyboard */ = {
			isa = PBXVariantGroup;
			children = (
				3DAABC7325F40DB30042AD4D /* Base */,
			);
			name = LaunchScreen.storyboard;
			sourceTree = "<group>";
		};
/* End PBXVariantGroup section */

/* Begin XCBuildConfiguration section */
		3DAABC7625F40DB30042AD4D /* Debug */ = {
			isa = XCBuildConfiguration;
			buildSettings = {
				ALWAYS_SEARCH_USER_PATHS = NO;
				CLANG_ANALYZER_NONNULL = YES;
				CLANG_ANALYZER_NUMBER_OBJECT_CONVERSION = YES_AGGRESSIVE;
				CLANG_CXX_LANGUAGE_STANDARD = "gnu++14";
				CLANG_CXX_LIBRARY = "libc++";
				CLANG_ENABLE_MODULES = YES;
				CLANG_ENABLE_OBJC_ARC = YES;
				CLANG_ENABLE_OBJC_WEAK = YES;
				CLANG_WARN_BLOCK_CAPTURE_AUTORELEASING = YES;
				CLANG_WARN_BOOL_CONVERSION = YES;
				CLANG_WARN_COMMA = YES;
				CLANG_WARN_CONSTANT_CONVERSION = YES;
				CLANG_WARN_DEPRECATED_OBJC_IMPLEMENTATIONS = YES;
				CLANG_WARN_DIRECT_OBJC_ISA_USAGE = YES_ERROR;
				CLANG_WARN_DOCUMENTATION_COMMENTS = YES;
				CLANG_WARN_EMPTY_BODY = YES;
				CLANG_WARN_ENUM_CONVERSION = YES;
				CLANG_WARN_INFINITE_RECURSION = YES;
				CLANG_WARN_INT_CONVERSION = YES;
				CLANG_WARN_NON_LITERAL_NULL_CONVERSION = YES;
				CLANG_WARN_OBJC_IMPLICIT_RETAIN_SELF = YES;
				CLANG_WARN_OBJC_LITERAL_CONVERSION = YES;
				CLANG_WARN_OBJC_ROOT_CLASS = YES_ERROR;
				CLANG_WARN_QUOTED_INCLUDE_IN_FRAMEWORK_HEADER = YES;
				CLANG_WARN_RANGE_LOOP_ANALYSIS = YES;
				CLANG_WARN_STRICT_PROTOTYPES = YES;
				CLANG_WARN_SUSPICIOUS_MOVE = YES;
				CLANG_WARN_UNGUARDED_AVAILABILITY = YES_AGGRESSIVE;
				CLANG_WARN_UNREACHABLE_CODE = YES;
				CLANG_WARN__DUPLICATE_METHOD_MATCH = YES;
				COPY_PHASE_STRIP = NO;
				DEBUG_INFORMATION_FORMAT = dwarf;
				ENABLE_STRICT_OBJC_MSGSEND = YES;
				ENABLE_TESTABILITY = YES;
				GCC_C_LANGUAGE_STANDARD = gnu11;
				GCC_DYNAMIC_NO_PIC = NO;
				GCC_NO_COMMON_BLOCKS = YES;
				GCC_OPTIMIZATION_LEVEL = 0;
				GCC_PREPROCESSOR_DEFINITIONS = (
					"DEBUG=1",
					"$(inherited)",
				);
				GCC_WARN_64_TO_32_BIT_CONVERSION = YES;
				GCC_WARN_ABOUT_RETURN_TYPE = YES_ERROR;
				GCC_WARN_UNDECLARED_SELECTOR = YES;
				GCC_WARN_UNINITIALIZED_AUTOS = YES_AGGRESSIVE;
				GCC_WARN_UNUSED_FUNCTION = YES;
				GCC_WARN_UNUSED_VARIABLE = YES;
				IPHONEOS_DEPLOYMENT_TARGET = 14.4;
				MTL_ENABLE_DEBUG_INFO = INCLUDE_SOURCE;
				MTL_FAST_MATH = YES;
				ONLY_ACTIVE_ARCH = YES;
				SDKROOT = iphoneos;
				SWIFT_ACTIVE_COMPILATION_CONDITIONS = DEBUG;
				SWIFT_OPTIMIZATION_LEVEL = "-Onone";
			};
			name = Debug;
		};
		3DAABC7725F40DB30042AD4D /* Release */ = {
			isa = XCBuildConfiguration;
			buildSettings = {
				ALWAYS_SEARCH_USER_PATHS = NO;
				CLANG_ANALYZER_NONNULL = YES;
				CLANG_ANALYZER_NUMBER_OBJECT_CONVERSION = YES_AGGRESSIVE;
				CLANG_CXX_LANGUAGE_STANDARD = "gnu++14";
				CLANG_CXX_LIBRARY = "libc++";
				CLANG_ENABLE_MODULES = YES;
				CLANG_ENABLE_OBJC_ARC = YES;
				CLANG_ENABLE_OBJC_WEAK = YES;
				CLANG_WARN_BLOCK_CAPTURE_AUTORELEASING = YES;
				CLANG_WARN_BOOL_CONVERSION = YES;
				CLANG_WARN_COMMA = YES;
				CLANG_WARN_CONSTANT_CONVERSION = YES;
				CLANG_WARN_DEPRECATED_OBJC_IMPLEMENTATIONS = YES;
				CLANG_WARN_DIRECT_OBJC_ISA_USAGE = YES_ERROR;
				CLANG_WARN_DOCUMENTATION_COMMENTS = YES;
				CLANG_WARN_EMPTY_BODY = YES;
				CLANG_WARN_ENUM_CONVERSION = YES;
				CLANG_WARN_INFINITE_RECURSION = YES;
				CLANG_WARN_INT_CONVERSION = YES;
				CLANG_WARN_NON_LITERAL_NULL_CONVERSION = YES;
				CLANG_WARN_OBJC_IMPLICIT_RETAIN_SELF = YES;
				CLANG_WARN_OBJC_LITERAL_CONVERSION = YES;
				CLANG_WARN_OBJC_ROOT_CLASS = YES_ERROR;
				CLANG_WARN_QUOTED_INCLUDE_IN_FRAMEWORK_HEADER = YES;
				CLANG_WARN_RANGE_LOOP_ANALYSIS = YES;
				CLANG_WARN_STRICT_PROTOTYPES = YES;
				CLANG_WARN_SUSPICIOUS_MOVE = YES;
				CLANG_WARN_UNGUARDED_AVAILABILITY = YES_AGGRESSIVE;
				CLANG_WARN_UNREACHABLE_CODE = YES;
				CLANG_WARN__DUPLICATE_METHOD_MATCH = YES;
				COPY_PHASE_STRIP = NO;
				DEBUG_INFORMATION_FORMAT = "dwarf-with-dsym";
				ENABLE_NS_ASSERTIONS = NO;
				ENABLE_STRICT_OBJC_MSGSEND = YES;
				GCC_C_LANGUAGE_STANDARD = gnu11;
				GCC_NO_COMMON_BLOCKS = YES;
				GCC_WARN_64_TO_32_BIT_CONVERSION = YES;
				GCC_WARN_ABOUT_RETURN_TYPE = YES_ERROR;
				GCC_WARN_UNDECLARED_SELECTOR = YES;
				GCC_WARN_UNINITIALIZED_AUTOS = YES_AGGRESSIVE;
				GCC_WARN_UNUSED_FUNCTION = YES;
				GCC_WARN_UNUSED_VARIABLE = YES;
				IPHONEOS_DEPLOYMENT_TARGET = 14.4;
				MTL_ENABLE_DEBUG_INFO = NO;
				MTL_FAST_MATH = YES;
				SDKROOT = iphoneos;
				SWIFT_COMPILATION_MODE = wholemodule;
				SWIFT_OPTIMIZATION_LEVEL = "-O";
				VALIDATE_PRODUCT = YES;
			};
			name = Release;
		};
		3DAABC7925F40DB30042AD4D /* Debug */ = {
			isa = XCBuildConfiguration;
			buildSettings = {
				ASSETCATALOG_COMPILER_APPICON_NAME = AppIcon;
				ASSETCATALOG_COMPILER_GLOBAL_ACCENT_COLOR_NAME = AccentColor;
				CODE_SIGN_STYLE = Automatic;
				DEVELOPMENT_TEAM = PX63F4TNY3;
				INFOPLIST_FILE = UIKitMyNotes/Info.plist;
				LD_RUNPATH_SEARCH_PATHS = (
					"$(inherited)",
					"@executable_path/Frameworks",
				);
				PRODUCT_BUNDLE_IDENTIFIER = com.sanchez.sergio.UIKitMyNotes;
				PRODUCT_NAME = "$(TARGET_NAME)";
				SWIFT_VERSION = 5.0;
				TARGETED_DEVICE_FAMILY = "1,2";
			};
			name = Debug;
		};
		3DAABC7A25F40DB30042AD4D /* Release */ = {
			isa = XCBuildConfiguration;
			buildSettings = {
				ASSETCATALOG_COMPILER_APPICON_NAME = AppIcon;
				ASSETCATALOG_COMPILER_GLOBAL_ACCENT_COLOR_NAME = AccentColor;
				CODE_SIGN_STYLE = Automatic;
				DEVELOPMENT_TEAM = PX63F4TNY3;
				INFOPLIST_FILE = UIKitMyNotes/Info.plist;
				LD_RUNPATH_SEARCH_PATHS = (
					"$(inherited)",
					"@executable_path/Frameworks",
				);
				PRODUCT_BUNDLE_IDENTIFIER = com.sanchez.sergio.UIKitMyNotes;
				PRODUCT_NAME = "$(TARGET_NAME)";
				SWIFT_VERSION = 5.0;
				TARGETED_DEVICE_FAMILY = "1,2";
			};
			name = Release;
		};
/* End XCBuildConfiguration section */

/* Begin XCConfigurationList section */
		3DAABC5C25F40DA80042AD4D /* Build configuration list for PBXProject "UIKitMyNotes" */ = {
			isa = XCConfigurationList;
			buildConfigurations = (
				3DAABC7625F40DB30042AD4D /* Debug */,
				3DAABC7725F40DB30042AD4D /* Release */,
			);
			defaultConfigurationIsVisible = 0;
			defaultConfigurationName = Release;
		};
		3DAABC7825F40DB30042AD4D /* Build configuration list for PBXNativeTarget "UIKitMyNotes" */ = {
			isa = XCConfigurationList;
			buildConfigurations = (
				3DAABC7925F40DB30042AD4D /* Debug */,
				3DAABC7A25F40DB30042AD4D /* Release */,
			);
			defaultConfigurationIsVisible = 0;
			defaultConfigurationName = Release;
		};
/* End XCConfigurationList section */

/* Begin XCVersionGroup section */
		3DAABC6D25F40DA90042AD4D /* UIKitMyNotes.xcdatamodeld */ = {
			isa = XCVersionGroup;
			children = (
				3DAABC6E25F40DA90042AD4D /* UIKitMyNotes.xcdatamodel */,
			);
			currentVersion = 3DAABC6E25F40DA90042AD4D /* UIKitMyNotes.xcdatamodel */;
			path = UIKitMyNotes.xcdatamodeld;
			sourceTree = "<group>";
			versionGroupType = wrapper.xcdatamodel;
		};
/* End XCVersionGroup section */
	};
	rootObject = 3DAABC5925F40DA80042AD4D /* Project object */;
}
