// !$*UTF8*$!
{
	archiveVersion = 1;
	classes = {
	};
	objectVersion = 56;
	objects = {

/* Begin PBXBuildFile section */
		3D185D902D03025B009A4935 /* UserProfileView.swift in Sources */ = {isa = PBXBuildFile; fileRef = 3D185D8F2D03025B009A4935 /* UserProfileView.swift */; };
		3D185D942D0306F8009A4935 /* CurrentUserProfile.swift in Sources */ = {isa = PBXBuildFile; fileRef = 3D185D932D0306F8009A4935 /* CurrentUserProfile.swift */; };
		3D185D962D030740009A4935 /* CurrentUserProfileHeaderView.swift in Sources */ = {isa = PBXBuildFile; fileRef = 3D185D952D030740009A4935 /* CurrentUserProfileHeaderView.swift */; };
		3D185D9B2D03108F009A4935 /* EditProfileView.swift in Sources */ = {isa = PBXBuildFile; fileRef = 3D185D9A2D03108F009A4935 /* EditProfileView.swift */; };
		3D185D9D2D0311B9009A4935 /* ProfileImageGridView.swift in Sources */ = {isa = PBXBuildFile; fileRef = 3D185D9C2D0311B9009A4935 /* ProfileImageGridView.swift */; };
		3D185DA32D03184E009A4935 /* UserMatchView.swift in Sources */ = {isa = PBXBuildFile; fileRef = 3D185DA22D03184E009A4935 /* UserMatchView.swift */; };
		3D185DA62D031B77009A4935 /* MatchManager.swift in Sources */ = {isa = PBXBuildFile; fileRef = 3D185DA52D031B77009A4935 /* MatchManager.swift */; };
		3D185DB42D03285D009A4935 /* Factory in Frameworks */ = {isa = PBXBuildFile; productRef = 3D185DB32D03285D009A4935 /* Factory */; };
		3D185DB72D0329B8009A4935 /* FirebaseAuth in Frameworks */ = {isa = PBXBuildFile; productRef = 3D185DB62D0329B8009A4935 /* FirebaseAuth */; };
		3D185DB92D0329B8009A4935 /* FirebaseFirestore in Frameworks */ = {isa = PBXBuildFile; productRef = 3D185DB82D0329B8009A4935 /* FirebaseFirestore */; };
		3D185DBB2D0329B8009A4935 /* FirebaseFirestoreSwift in Frameworks */ = {isa = PBXBuildFile; productRef = 3D185DBA2D0329B8009A4935 /* FirebaseFirestoreSwift */; };
		3D185DBD2D0329B8009A4935 /* FirebaseStorage in Frameworks */ = {isa = PBXBuildFile; productRef = 3D185DBC2D0329B8009A4935 /* FirebaseStorage */; };
		3D185DBF2D0329E9009A4935 /* Container.swift in Sources */ = {isa = PBXBuildFile; fileRef = 3D185DBE2D0329E9009A4935 /* Container.swift */; };
		3D185DC42D032A37009A4935 /* CreateUserDTO.swift in Sources */ = {isa = PBXBuildFile; fileRef = 3D185DC32D032A37009A4935 /* CreateUserDTO.swift */; };
		3D185DC62D032A4C009A4935 /* UpdateUserDTO.swift in Sources */ = {isa = PBXBuildFile; fileRef = 3D185DC52D032A4C009A4935 /* UpdateUserDTO.swift */; };
		3D185DC82D032A61009A4935 /* UserDTO.swift in Sources */ = {isa = PBXBuildFile; fileRef = 3D185DC72D032A61009A4935 /* UserDTO.swift */; };
		3D185DCA2D032A8A009A4935 /* CreateUserDTO+Dictionary.swift in Sources */ = {isa = PBXBuildFile; fileRef = 3D185DC92D032A8A009A4935 /* CreateUserDTO+Dictionary.swift */; };
		3D185DCC2D032AA8009A4935 /* UpdateUserDTO+Dictionary.swift in Sources */ = {isa = PBXBuildFile; fileRef = 3D185DCB2D032AA8009A4935 /* UpdateUserDTO+Dictionary.swift */; };
		3D185DCE2D032D61009A4935 /* UserDataSource.swift in Sources */ = {isa = PBXBuildFile; fileRef = 3D185DCD2D032D61009A4935 /* UserDataSource.swift */; };
		3D185DD02D032D9B009A4935 /* AuthenticationDataSource.swift in Sources */ = {isa = PBXBuildFile; fileRef = 3D185DCF2D032D9B009A4935 /* AuthenticationDataSource.swift */; };
		3D185DD22D032DBB009A4935 /* StorageFilesDataSource.swift in Sources */ = {isa = PBXBuildFile; fileRef = 3D185DD12D032DBB009A4935 /* StorageFilesDataSource.swift */; };
		3D185DD42D032DF3009A4935 /* FirestoreUserDataSourceImpl.swift in Sources */ = {isa = PBXBuildFile; fileRef = 3D185DD32D032DF3009A4935 /* FirestoreUserDataSourceImpl.swift */; };
		3D185DD62D032E51009A4935 /* FirebaseAuthenticationDataSourceImpl.swift in Sources */ = {isa = PBXBuildFile; fileRef = 3D185DD52D032E51009A4935 /* FirebaseAuthenticationDataSourceImpl.swift */; };
		3D185DD82D032E72009A4935 /* FirestoreStorageFilesDataSourceImpl.swift in Sources */ = {isa = PBXBuildFile; fileRef = 3D185DD72D032E72009A4935 /* FirestoreStorageFilesDataSourceImpl.swift */; };
		3D185DDA2D033071009A4935 /* Birthdate.swift in Sources */ = {isa = PBXBuildFile; fileRef = 3D185DD92D033071009A4935 /* Birthdate.swift */; };
		3D185DDC2D033084009A4935 /* Country.swift in Sources */ = {isa = PBXBuildFile; fileRef = 3D185DDB2D033084009A4935 /* Country.swift */; };
		3D185DDE2D0330CE009A4935 /* Mapper.swift in Sources */ = {isa = PBXBuildFile; fileRef = 3D185DDD2D0330CE009A4935 /* Mapper.swift */; };
		3D185DE12D0330EC009A4935 /* UserMapper.swift in Sources */ = {isa = PBXBuildFile; fileRef = 3D185DE02D0330EC009A4935 /* UserMapper.swift */; };
		3D185DE32D033144009A4935 /* UserProfileRepository.swift in Sources */ = {isa = PBXBuildFile; fileRef = 3D185DE22D033144009A4935 /* UserProfileRepository.swift */; };
		3D185DE52D033170009A4935 /* AuthenticationRepository.swift in Sources */ = {isa = PBXBuildFile; fileRef = 3D185DE42D033170009A4935 /* AuthenticationRepository.swift */; };
		3D185DE82D033198009A4935 /* UserProfileRepositoryImpl.swift in Sources */ = {isa = PBXBuildFile; fileRef = 3D185DE72D033198009A4935 /* UserProfileRepositoryImpl.swift */; };
		3D185DEA2D0331FC009A4935 /* AuthenticationRepositoryImpl.swift in Sources */ = {isa = PBXBuildFile; fileRef = 3D185DE92D0331FC009A4935 /* AuthenticationRepositoryImpl.swift */; };
		3D185DED2D0332C9009A4935 /* EventBus.swift in Sources */ = {isa = PBXBuildFile; fileRef = 3D185DEC2D0332C9009A4935 /* EventBus.swift */; };
		3D185DEF2D0332E1009A4935 /* BaseViewModel.swift in Sources */ = {isa = PBXBuildFile; fileRef = 3D185DEE2D0332E1009A4935 /* BaseViewModel.swift */; };
		3D185DF12D0332F8009A4935 /* BaseUserViewModel.swift in Sources */ = {isa = PBXBuildFile; fileRef = 3D185DF02D0332F8009A4935 /* BaseUserViewModel.swift */; };
		3D185DF32D033313009A4935 /* BaseAuthViewModel.swift in Sources */ = {isa = PBXBuildFile; fileRef = 3D185DF22D033313009A4935 /* BaseAuthViewModel.swift */; };
		3D185DF52D033335009A4935 /* VerifyUsernameAvailabilityUseCase.swift in Sources */ = {isa = PBXBuildFile; fileRef = 3D185DF42D033335009A4935 /* VerifyUsernameAvailabilityUseCase.swift */; };
		3D185DF72D03334A009A4935 /* VerifySessionUseCase.swift in Sources */ = {isa = PBXBuildFile; fileRef = 3D185DF62D03334A009A4935 /* VerifySessionUseCase.swift */; };
		3D185DF92D033364009A4935 /* SignOutUseCase.swift in Sources */ = {isa = PBXBuildFile; fileRef = 3D185DF82D033364009A4935 /* SignOutUseCase.swift */; };
		3D185DFB2D033378009A4935 /* SignInUseCase.swift in Sources */ = {isa = PBXBuildFile; fileRef = 3D185DFA2D033378009A4935 /* SignInUseCase.swift */; };
		3D185DFD2D0333A3009A4935 /* SendOtpUseCase.swift in Sources */ = {isa = PBXBuildFile; fileRef = 3D185DFC2D0333A3009A4935 /* SendOtpUseCase.swift */; };
		3D185DFF2D0333C0009A4935 /* GetCurrentUserUseCase.swift in Sources */ = {isa = PBXBuildFile; fileRef = 3D185DFE2D0333C0009A4935 /* GetCurrentUserUseCase.swift */; };
		3D185E012D0333FC009A4935 /* GetSuggestionsUseCase.swift in Sources */ = {isa = PBXBuildFile; fileRef = 3D185E002D0333FC009A4935 /* GetSuggestionsUseCase.swift */; };
		3D185E032D03341D009A4935 /* SignUpUseCase.swift in Sources */ = {isa = PBXBuildFile; fileRef = 3D185E022D03341D009A4935 /* SignUpUseCase.swift */; };
		3D185E052D033443009A4935 /* UpdateUserUseCase.swift in Sources */ = {isa = PBXBuildFile; fileRef = 3D185E042D033443009A4935 /* UpdateUserUseCase.swift */; };
		3D2870892D0CACF90044998C /* SelectGenderView.swift in Sources */ = {isa = PBXBuildFile; fileRef = 3D2870882D0CACF90044998C /* SelectGenderView.swift */; };
		3D28708B2D0CAD7A0044998C /* Gender.swift in Sources */ = {isa = PBXBuildFile; fileRef = 3D28708A2D0CAD7A0044998C /* Gender.swift */; };
		3D28708D2D0CB18D0044998C /* SelectPreferencesView.swift in Sources */ = {isa = PBXBuildFile; fileRef = 3D28708C2D0CB18D0044998C /* SelectPreferencesView.swift */; };
		3D28708F2D0CB1BE0044998C /* Preference.swift in Sources */ = {isa = PBXBuildFile; fileRef = 3D28708E2D0CB1BE0044998C /* Preference.swift */; };
		3D2870912D0CB35F0044998C /* Interest.swift in Sources */ = {isa = PBXBuildFile; fileRef = 3D2870902D0CB35F0044998C /* Interest.swift */; };
		3D2870932D0CB3800044998C /* SelectInterestView.swift in Sources */ = {isa = PBXBuildFile; fileRef = 3D2870922D0CB3800044998C /* SelectInterestView.swift */; };
		3D2870952D0CB4160044998C /* OnboardingStepView.swift in Sources */ = {isa = PBXBuildFile; fileRef = 3D2870942D0CB4160044998C /* OnboardingStepView.swift */; };
		3D7A20002D0D9D34000BCF54 /* AddRecentPicturesView.swift in Sources */ = {isa = PBXBuildFile; fileRef = 3D7A1FFF2D0D9D34000BCF54 /* AddRecentPicturesView.swift */; };
		3D7A20022D0D9D8C000BCF54 /* ImagePicker.swift in Sources */ = {isa = PBXBuildFile; fileRef = 3D7A20012D0D9D8C000BCF54 /* ImagePicker.swift */; };
		3D7A20052D0D9DEC000BCF54 /* ArrayExtensions.swift in Sources */ = {isa = PBXBuildFile; fileRef = 3D7A20042D0D9DEC000BCF54 /* ArrayExtensions.swift */; };
		3D7A20072D0DA182000BCF54 /* CreateUser.swift in Sources */ = {isa = PBXBuildFile; fileRef = 3D7A20062D0DA182000BCF54 /* CreateUser.swift */; };
		3D7ABE872D0D932B00D42CE3 /* EnterOccupationView.swift in Sources */ = {isa = PBXBuildFile; fileRef = 3D7ABE862D0D932B00D42CE3 /* EnterOccupationView.swift */; };
		3D7ABE892D0D969100D42CE3 /* TransitioningView.swift in Sources */ = {isa = PBXBuildFile; fileRef = 3D7ABE882D0D969000D42CE3 /* TransitioningView.swift */; };
		3D7ABE8B2D0D984400D42CE3 /* WelcomeOnboardingView.swift in Sources */ = {isa = PBXBuildFile; fileRef = 3D7ABE8A2D0D984400D42CE3 /* WelcomeOnboardingView.swift */; };
		3D7B65772D044EE30002364F /* LoadingAndErrorOverlayModifier.swift in Sources */ = {isa = PBXBuildFile; fileRef = 3D7B65762D044EE30002364F /* LoadingAndErrorOverlayModifier.swift */; };
		3D7B65792D045C120002364F /* AnimatedRadialGradientView.swift in Sources */ = {isa = PBXBuildFile; fileRef = 3D7B65782D045C120002364F /* AnimatedRadialGradientView.swift */; };
		3D7B657B2D046BCA0002364F /* NumericInputModifier.swift in Sources */ = {isa = PBXBuildFile; fileRef = 3D7B657A2D046BCA0002364F /* NumericInputModifier.swift */; };
		3D7B65802D0484890002364F /* OnboardingAccountLogoView.swift in Sources */ = {isa = PBXBuildFile; fileRef = 3D7B657F2D0484890002364F /* OnboardingAccountLogoView.swift */; };
		3D7B65822D048B5E0002364F /* Launch Screen.storyboard in Resources */ = {isa = PBXBuildFile; fileRef = 3D7B65812D048B5E0002364F /* Launch Screen.storyboard */; };
		3D7EF5D82D037A1B0021E04E /* LoadingView.swift in Sources */ = {isa = PBXBuildFile; fileRef = 3D7EF5D72D037A1B0021E04E /* LoadingView.swift */; };
		3D7EF5DB2D037A540021E04E /* OnboardingView.swift in Sources */ = {isa = PBXBuildFile; fileRef = 3D7EF5DA2D037A540021E04E /* OnboardingView.swift */; };
		3D7EF5DE2D037A7D0021E04E /* BackgroundImage.swift in Sources */ = {isa = PBXBuildFile; fileRef = 3D7EF5DD2D037A7D0021E04E /* BackgroundImage.swift */; };
		3D7EF5E12D037AD90021E04E /* AuthenticationView.swift in Sources */ = {isa = PBXBuildFile; fileRef = 3D7EF5E02D037AD90021E04E /* AuthenticationView.swift */; };
		3D7EF5E42D037B1B0021E04E /* CreateAccountView.swift in Sources */ = {isa = PBXBuildFile; fileRef = 3D7EF5E32D037B1B0021E04E /* CreateAccountView.swift */; };
		3D7EF5E62D037B360021E04E /* EnterAgeView.swift in Sources */ = {isa = PBXBuildFile; fileRef = 3D7EF5E52D037B360021E04E /* EnterAgeView.swift */; };
		3D7EF5E82D037B530021E04E /* EnterNameView.swift in Sources */ = {isa = PBXBuildFile; fileRef = 3D7EF5E72D037B530021E04E /* EnterNameView.swift */; };
		3D7EF5EA2D037B670021E04E /* EnterPhoneNumberView.swift in Sources */ = {isa = PBXBuildFile; fileRef = 3D7EF5E92D037B670021E04E /* EnterPhoneNumberView.swift */; };
		3D7EF5EC2D037B780021E04E /* ValidateOTPView.swift in Sources */ = {isa = PBXBuildFile; fileRef = 3D7EF5EB2D037B780021E04E /* ValidateOTPView.swift */; };
		3D7EF5EE2D037B910021E04E /* AccountCreatedView.swift in Sources */ = {isa = PBXBuildFile; fileRef = 3D7EF5ED2D037B910021E04E /* AccountCreatedView.swift */; };
		3D7EF5F22D037BE80021E04E /* TopBarView.swift in Sources */ = {isa = PBXBuildFile; fileRef = 3D7EF5F12D037BE80021E04E /* TopBarView.swift */; };
		3D7EF5F42D037C930021E04E /* CreateAccountViewModel.swift in Sources */ = {isa = PBXBuildFile; fileRef = 3D7EF5F32D037C930021E04E /* CreateAccountViewModel.swift */; };
		3D7EF5F62D037CAC0021E04E /* AuthenticationViewModel.swift in Sources */ = {isa = PBXBuildFile; fileRef = 3D7EF5F52D037CAC0021E04E /* AuthenticationViewModel.swift */; };
		3D7EF5F82D037CE70021E04E /* SelectCountryView.swift in Sources */ = {isa = PBXBuildFile; fileRef = 3D7EF5F72D037CE70021E04E /* SelectCountryView.swift */; };
		3D7EF5FC2D037D2B0021E04E /* EnterCodeView.swift in Sources */ = {isa = PBXBuildFile; fileRef = 3D7EF5FB2D037D2B0021E04E /* EnterCodeView.swift */; };
		3D7EF5FE2D037D440021E04E /* PhoneNumberInputView.swift in Sources */ = {isa = PBXBuildFile; fileRef = 3D7EF5FD2D037D440021E04E /* PhoneNumberInputView.swift */; };
		3D7EF6002D037D7E0021E04E /* ViewExtensions.swift in Sources */ = {isa = PBXBuildFile; fileRef = 3D7EF5FF2D037D7E0021E04E /* ViewExtensions.swift */; };
		3D7EF6032D037E2E0021E04E /* ExplanationText.swift in Sources */ = {isa = PBXBuildFile; fileRef = 3D7EF6022D037E2E0021E04E /* ExplanationText.swift */; };
		3D7EF6082D037F5D0021E04E /* MainView.swift in Sources */ = {isa = PBXBuildFile; fileRef = 3D7EF6072D037F5D0021E04E /* MainView.swift */; };
		3D7EF60B2D037F7E0021E04E /* HomeView.swift in Sources */ = {isa = PBXBuildFile; fileRef = 3D7EF60A2D037F7E0021E04E /* HomeView.swift */; };
		3D7EF60D2D037FA20021E04E /* MainViewModel.swift in Sources */ = {isa = PBXBuildFile; fileRef = 3D7EF60C2D037FA20021E04E /* MainViewModel.swift */; };
		3D7EF6112D0381F70021E04E /* GoogleService-Info.plist in Resources */ = {isa = PBXBuildFile; fileRef = 3D7EF6102D0381F70021E04E /* GoogleService-Info.plist */; };
		3D7EF6132D0386D50021E04E /* AnimatedGradientView.swift in Sources */ = {isa = PBXBuildFile; fileRef = 3D7EF6122D0386D50021E04E /* AnimatedGradientView.swift */; };
		3D7EF6152D0388400021E04E /* SnackbarView.swift in Sources */ = {isa = PBXBuildFile; fileRef = 3D7EF6142D0388400021E04E /* SnackbarView.swift */; };
		3D7EF6172D038B800021E04E /* ActionButtonView.swift in Sources */ = {isa = PBXBuildFile; fileRef = 3D7EF6162D038B800021E04E /* ActionButtonView.swift */; };
		3D7EF6192D038E730021E04E /* countries.json in Resources */ = {isa = PBXBuildFile; fileRef = 3D7EF6182D038E730021E04E /* countries.json */; };
		3D7EF61C2D038FEF0021E04E /* FontExtensions.swift in Sources */ = {isa = PBXBuildFile; fileRef = 3D7EF61B2D038FEF0021E04E /* FontExtensions.swift */; };
		3D7EF6292D0390A70021E04E /* Outfit-Medium.ttf in Resources */ = {isa = PBXBuildFile; fileRef = 3D7EF6202D0390A30021E04E /* Outfit-Medium.ttf */; };
		3D7EF62A2D0390A70021E04E /* Outfit-SemiBold.ttf in Resources */ = {isa = PBXBuildFile; fileRef = 3D7EF6212D0390A30021E04E /* Outfit-SemiBold.ttf */; };
		3D7EF62B2D0390A70021E04E /* Outfit-Light.ttf in Resources */ = {isa = PBXBuildFile; fileRef = 3D7EF6222D0390A40021E04E /* Outfit-Light.ttf */; };
		3D7EF62C2D0390A70021E04E /* Outfit-Regular.ttf in Resources */ = {isa = PBXBuildFile; fileRef = 3D7EF6232D0390A50021E04E /* Outfit-Regular.ttf */; };
		3D7EF62D2D0390A70021E04E /* Outfit-Thin.ttf in Resources */ = {isa = PBXBuildFile; fileRef = 3D7EF6242D0390A50021E04E /* Outfit-Thin.ttf */; };
		3D7EF62E2D0390A70021E04E /* Outfit-ExtraBold.ttf in Resources */ = {isa = PBXBuildFile; fileRef = 3D7EF6252D0390A60021E04E /* Outfit-ExtraBold.ttf */; };
		3D7EF62F2D0390A70021E04E /* Outfit-Black.ttf in Resources */ = {isa = PBXBuildFile; fileRef = 3D7EF6262D0390A60021E04E /* Outfit-Black.ttf */; };
		3D7EF6302D0390A70021E04E /* Outfit-ExtraLight.ttf in Resources */ = {isa = PBXBuildFile; fileRef = 3D7EF6272D0390A70021E04E /* Outfit-ExtraLight.ttf */; };
		3D7EF6312D0390A70021E04E /* Outfit-Bold.ttf in Resources */ = {isa = PBXBuildFile; fileRef = 3D7EF6282D0390A70021E04E /* Outfit-Bold.ttf */; };
		3DC37E182CF78F6200E7FB1B /* PassionfyApp.swift in Sources */ = {isa = PBXBuildFile; fileRef = 3DC37E172CF78F6200E7FB1B /* PassionfyApp.swift */; };
		3DC37E1C2CF78F6500E7FB1B /* Assets.xcassets in Resources */ = {isa = PBXBuildFile; fileRef = 3DC37E1B2CF78F6500E7FB1B /* Assets.xcassets */; };
		3DC37E1F2CF78F6500E7FB1B /* Preview Assets.xcassets in Resources */ = {isa = PBXBuildFile; fileRef = 3DC37E1E2CF78F6500E7FB1B /* Preview Assets.xcassets */; };
		3DC37E332CF792C600E7FB1B /* CardView.swift in Sources */ = {isa = PBXBuildFile; fileRef = 3DC37E322CF792C600E7FB1B /* CardView.swift */; };
		3DC37E352CF7943C00E7FB1B /* UserInfoView.swift in Sources */ = {isa = PBXBuildFile; fileRef = 3DC37E342CF7943C00E7FB1B /* UserInfoView.swift */; };
		3DC37E372CF79A8E00E7FB1B /* SwipeActionIndicatorView.swift in Sources */ = {isa = PBXBuildFile; fileRef = 3DC37E362CF79A8E00E7FB1B /* SwipeActionIndicatorView.swift */; };
		3DC37E3A2CF79D2400E7FB1B /* SizeConstants.swift in Sources */ = {isa = PBXBuildFile; fileRef = 3DC37E392CF79D2400E7FB1B /* SizeConstants.swift */; };
		3DC37E3C2CF79E5D00E7FB1B /* ImageScrollingOverlay.swift in Sources */ = {isa = PBXBuildFile; fileRef = 3DC37E3B2CF79E5D00E7FB1B /* ImageScrollingOverlay.swift */; };
		3DC37E3E2CF7A2F300E7FB1B /* CardImageIndicatorView.swift in Sources */ = {isa = PBXBuildFile; fileRef = 3DC37E3D2CF7A2F300E7FB1B /* CardImageIndicatorView.swift */; };
		3DC37E402CF7A61400E7FB1B /* CardStackView.swift in Sources */ = {isa = PBXBuildFile; fileRef = 3DC37E3F2CF7A61400E7FB1B /* CardStackView.swift */; };
		3DC37E442CF7A8A200E7FB1B /* User.swift in Sources */ = {isa = PBXBuildFile; fileRef = 3DC37E432CF7A8A200E7FB1B /* User.swift */; };
		3DC37E472CF7A90C00E7FB1B /* CardModel.swift in Sources */ = {isa = PBXBuildFile; fileRef = 3DC37E462CF7A90C00E7FB1B /* CardModel.swift */; };
		3DC37E4A2CF7A94400E7FB1B /* CardsViewModel.swift in Sources */ = {isa = PBXBuildFile; fileRef = 3DC37E492CF7A94400E7FB1B /* CardsViewModel.swift */; };
		3DC37E4D2CF7A9B000E7FB1B /* CardService.swift in Sources */ = {isa = PBXBuildFile; fileRef = 3DC37E4C2CF7A9B000E7FB1B /* CardService.swift */; };
		3DC37E502CF7AA7E00E7FB1B /* MockData.swift in Sources */ = {isa = PBXBuildFile; fileRef = 3DC37E4F2CF7AA7E00E7FB1B /* MockData.swift */; };
		3DC37E522CF7B66200E7FB1B /* SwipeActionButtonsView.swift in Sources */ = {isa = PBXBuildFile; fileRef = 3DC37E512CF7B66200E7FB1B /* SwipeActionButtonsView.swift */; };
		3DC37E542CF7B7B900E7FB1B /* SwipeAction.swift in Sources */ = {isa = PBXBuildFile; fileRef = 3DC37E532CF7B7B900E7FB1B /* SwipeAction.swift */; };
		3DC9D0AC2D033A2F00F41DED /* Kingfisher in Frameworks */ = {isa = PBXBuildFile; productRef = 3DC9D0AB2D033A2F00F41DED /* Kingfisher */; };
/* End PBXBuildFile section */

/* Begin PBXFileReference section */
		3D185D8F2D03025B009A4935 /* UserProfileView.swift */ = {isa = PBXFileReference; lastKnownFileType = sourcecode.swift; path = UserProfileView.swift; sourceTree = "<group>"; };
		3D185D932D0306F8009A4935 /* CurrentUserProfile.swift */ = {isa = PBXFileReference; lastKnownFileType = sourcecode.swift; path = CurrentUserProfile.swift; sourceTree = "<group>"; };
		3D185D952D030740009A4935 /* CurrentUserProfileHeaderView.swift */ = {isa = PBXFileReference; lastKnownFileType = sourcecode.swift; path = CurrentUserProfileHeaderView.swift; sourceTree = "<group>"; };
		3D185D9A2D03108F009A4935 /* EditProfileView.swift */ = {isa = PBXFileReference; lastKnownFileType = sourcecode.swift; path = EditProfileView.swift; sourceTree = "<group>"; };
		3D185D9C2D0311B9009A4935 /* ProfileImageGridView.swift */ = {isa = PBXFileReference; lastKnownFileType = sourcecode.swift; path = ProfileImageGridView.swift; sourceTree = "<group>"; };
		3D185DA22D03184E009A4935 /* UserMatchView.swift */ = {isa = PBXFileReference; lastKnownFileType = sourcecode.swift; path = UserMatchView.swift; sourceTree = "<group>"; };
		3D185DA52D031B77009A4935 /* MatchManager.swift */ = {isa = PBXFileReference; lastKnownFileType = sourcecode.swift; path = MatchManager.swift; sourceTree = "<group>"; };
		3D185DBE2D0329E9009A4935 /* Container.swift */ = {isa = PBXFileReference; lastKnownFileType = sourcecode.swift; path = Container.swift; sourceTree = "<group>"; };
		3D185DC32D032A37009A4935 /* CreateUserDTO.swift */ = {isa = PBXFileReference; lastKnownFileType = sourcecode.swift; path = CreateUserDTO.swift; sourceTree = "<group>"; };
		3D185DC52D032A4C009A4935 /* UpdateUserDTO.swift */ = {isa = PBXFileReference; lastKnownFileType = sourcecode.swift; path = UpdateUserDTO.swift; sourceTree = "<group>"; };
		3D185DC72D032A61009A4935 /* UserDTO.swift */ = {isa = PBXFileReference; lastKnownFileType = sourcecode.swift; path = UserDTO.swift; sourceTree = "<group>"; };
		3D185DC92D032A8A009A4935 /* CreateUserDTO+Dictionary.swift */ = {isa = PBXFileReference; lastKnownFileType = sourcecode.swift; path = "CreateUserDTO+Dictionary.swift"; sourceTree = "<group>"; };
		3D185DCB2D032AA8009A4935 /* UpdateUserDTO+Dictionary.swift */ = {isa = PBXFileReference; lastKnownFileType = sourcecode.swift; path = "UpdateUserDTO+Dictionary.swift"; sourceTree = "<group>"; };
		3D185DCD2D032D61009A4935 /* UserDataSource.swift */ = {isa = PBXFileReference; lastKnownFileType = sourcecode.swift; path = UserDataSource.swift; sourceTree = "<group>"; };
		3D185DCF2D032D9B009A4935 /* AuthenticationDataSource.swift */ = {isa = PBXFileReference; lastKnownFileType = sourcecode.swift; path = AuthenticationDataSource.swift; sourceTree = "<group>"; };
		3D185DD12D032DBB009A4935 /* StorageFilesDataSource.swift */ = {isa = PBXFileReference; lastKnownFileType = sourcecode.swift; path = StorageFilesDataSource.swift; sourceTree = "<group>"; };
		3D185DD32D032DF3009A4935 /* FirestoreUserDataSourceImpl.swift */ = {isa = PBXFileReference; lastKnownFileType = sourcecode.swift; path = FirestoreUserDataSourceImpl.swift; sourceTree = "<group>"; };
		3D185DD52D032E51009A4935 /* FirebaseAuthenticationDataSourceImpl.swift */ = {isa = PBXFileReference; lastKnownFileType = sourcecode.swift; path = FirebaseAuthenticationDataSourceImpl.swift; sourceTree = "<group>"; };
		3D185DD72D032E72009A4935 /* FirestoreStorageFilesDataSourceImpl.swift */ = {isa = PBXFileReference; lastKnownFileType = sourcecode.swift; path = FirestoreStorageFilesDataSourceImpl.swift; sourceTree = "<group>"; };
		3D185DD92D033071009A4935 /* Birthdate.swift */ = {isa = PBXFileReference; lastKnownFileType = sourcecode.swift; path = Birthdate.swift; sourceTree = "<group>"; };
		3D185DDB2D033084009A4935 /* Country.swift */ = {isa = PBXFileReference; lastKnownFileType = sourcecode.swift; path = Country.swift; sourceTree = "<group>"; };
		3D185DDD2D0330CE009A4935 /* Mapper.swift */ = {isa = PBXFileReference; lastKnownFileType = sourcecode.swift; path = Mapper.swift; sourceTree = "<group>"; };
		3D185DE02D0330EC009A4935 /* UserMapper.swift */ = {isa = PBXFileReference; lastKnownFileType = sourcecode.swift; path = UserMapper.swift; sourceTree = "<group>"; };
		3D185DE22D033144009A4935 /* UserProfileRepository.swift */ = {isa = PBXFileReference; lastKnownFileType = sourcecode.swift; path = UserProfileRepository.swift; sourceTree = "<group>"; };
		3D185DE42D033170009A4935 /* AuthenticationRepository.swift */ = {isa = PBXFileReference; lastKnownFileType = sourcecode.swift; path = AuthenticationRepository.swift; sourceTree = "<group>"; };
		3D185DE72D033198009A4935 /* UserProfileRepositoryImpl.swift */ = {isa = PBXFileReference; lastKnownFileType = sourcecode.swift; path = UserProfileRepositoryImpl.swift; sourceTree = "<group>"; };
		3D185DE92D0331FC009A4935 /* AuthenticationRepositoryImpl.swift */ = {isa = PBXFileReference; lastKnownFileType = sourcecode.swift; path = AuthenticationRepositoryImpl.swift; sourceTree = "<group>"; };
		3D185DEC2D0332C9009A4935 /* EventBus.swift */ = {isa = PBXFileReference; lastKnownFileType = sourcecode.swift; path = EventBus.swift; sourceTree = "<group>"; };
		3D185DEE2D0332E1009A4935 /* BaseViewModel.swift */ = {isa = PBXFileReference; lastKnownFileType = sourcecode.swift; path = BaseViewModel.swift; sourceTree = "<group>"; };
		3D185DF02D0332F8009A4935 /* BaseUserViewModel.swift */ = {isa = PBXFileReference; lastKnownFileType = sourcecode.swift; path = BaseUserViewModel.swift; sourceTree = "<group>"; };
		3D185DF22D033313009A4935 /* BaseAuthViewModel.swift */ = {isa = PBXFileReference; lastKnownFileType = sourcecode.swift; path = BaseAuthViewModel.swift; sourceTree = "<group>"; };
		3D185DF42D033335009A4935 /* VerifyUsernameAvailabilityUseCase.swift */ = {isa = PBXFileReference; lastKnownFileType = sourcecode.swift; path = VerifyUsernameAvailabilityUseCase.swift; sourceTree = "<group>"; };
		3D185DF62D03334A009A4935 /* VerifySessionUseCase.swift */ = {isa = PBXFileReference; lastKnownFileType = sourcecode.swift; path = VerifySessionUseCase.swift; sourceTree = "<group>"; };
		3D185DF82D033364009A4935 /* SignOutUseCase.swift */ = {isa = PBXFileReference; lastKnownFileType = sourcecode.swift; path = SignOutUseCase.swift; sourceTree = "<group>"; };
		3D185DFA2D033378009A4935 /* SignInUseCase.swift */ = {isa = PBXFileReference; lastKnownFileType = sourcecode.swift; path = SignInUseCase.swift; sourceTree = "<group>"; };
		3D185DFC2D0333A3009A4935 /* SendOtpUseCase.swift */ = {isa = PBXFileReference; lastKnownFileType = sourcecode.swift; path = SendOtpUseCase.swift; sourceTree = "<group>"; };
		3D185DFE2D0333C0009A4935 /* GetCurrentUserUseCase.swift */ = {isa = PBXFileReference; lastKnownFileType = sourcecode.swift; path = GetCurrentUserUseCase.swift; sourceTree = "<group>"; };
		3D185E002D0333FC009A4935 /* GetSuggestionsUseCase.swift */ = {isa = PBXFileReference; lastKnownFileType = sourcecode.swift; path = GetSuggestionsUseCase.swift; sourceTree = "<group>"; };
		3D185E022D03341D009A4935 /* SignUpUseCase.swift */ = {isa = PBXFileReference; lastKnownFileType = sourcecode.swift; path = SignUpUseCase.swift; sourceTree = "<group>"; };
		3D185E042D033443009A4935 /* UpdateUserUseCase.swift */ = {isa = PBXFileReference; lastKnownFileType = sourcecode.swift; path = UpdateUserUseCase.swift; sourceTree = "<group>"; };
		3D2870882D0CACF90044998C /* SelectGenderView.swift */ = {isa = PBXFileReference; lastKnownFileType = sourcecode.swift; path = SelectGenderView.swift; sourceTree = "<group>"; };
		3D28708A2D0CAD7A0044998C /* Gender.swift */ = {isa = PBXFileReference; lastKnownFileType = sourcecode.swift; path = Gender.swift; sourceTree = "<group>"; };
		3D28708C2D0CB18D0044998C /* SelectPreferencesView.swift */ = {isa = PBXFileReference; lastKnownFileType = sourcecode.swift; path = SelectPreferencesView.swift; sourceTree = "<group>"; };
		3D28708E2D0CB1BE0044998C /* Preference.swift */ = {isa = PBXFileReference; lastKnownFileType = sourcecode.swift; path = Preference.swift; sourceTree = "<group>"; };
		3D2870902D0CB35F0044998C /* Interest.swift */ = {isa = PBXFileReference; lastKnownFileType = sourcecode.swift; path = Interest.swift; sourceTree = "<group>"; };
		3D2870922D0CB3800044998C /* SelectInterestView.swift */ = {isa = PBXFileReference; lastKnownFileType = sourcecode.swift; path = SelectInterestView.swift; sourceTree = "<group>"; };
		3D2870942D0CB4160044998C /* OnboardingStepView.swift */ = {isa = PBXFileReference; lastKnownFileType = sourcecode.swift; path = OnboardingStepView.swift; sourceTree = "<group>"; };
		3D7A1FFF2D0D9D34000BCF54 /* AddRecentPicturesView.swift */ = {isa = PBXFileReference; lastKnownFileType = sourcecode.swift; path = AddRecentPicturesView.swift; sourceTree = "<group>"; };
		3D7A20012D0D9D8C000BCF54 /* ImagePicker.swift */ = {isa = PBXFileReference; lastKnownFileType = sourcecode.swift; path = ImagePicker.swift; sourceTree = "<group>"; };
		3D7A20042D0D9DEC000BCF54 /* ArrayExtensions.swift */ = {isa = PBXFileReference; lastKnownFileType = sourcecode.swift; path = ArrayExtensions.swift; sourceTree = "<group>"; };
		3D7A20062D0DA182000BCF54 /* CreateUser.swift */ = {isa = PBXFileReference; lastKnownFileType = sourcecode.swift; path = CreateUser.swift; sourceTree = "<group>"; };
		3D7ABE862D0D932B00D42CE3 /* EnterOccupationView.swift */ = {isa = PBXFileReference; lastKnownFileType = sourcecode.swift; path = EnterOccupationView.swift; sourceTree = "<group>"; };
		3D7ABE882D0D969000D42CE3 /* TransitioningView.swift */ = {isa = PBXFileReference; lastKnownFileType = sourcecode.swift; path = TransitioningView.swift; sourceTree = "<group>"; };
		3D7ABE8A2D0D984400D42CE3 /* WelcomeOnboardingView.swift */ = {isa = PBXFileReference; lastKnownFileType = sourcecode.swift; path = WelcomeOnboardingView.swift; sourceTree = "<group>"; };
		3D7B65762D044EE30002364F /* LoadingAndErrorOverlayModifier.swift */ = {isa = PBXFileReference; lastKnownFileType = sourcecode.swift; path = LoadingAndErrorOverlayModifier.swift; sourceTree = "<group>"; };
		3D7B65782D045C120002364F /* AnimatedRadialGradientView.swift */ = {isa = PBXFileReference; lastKnownFileType = sourcecode.swift; path = AnimatedRadialGradientView.swift; sourceTree = "<group>"; };
		3D7B657A2D046BCA0002364F /* NumericInputModifier.swift */ = {isa = PBXFileReference; lastKnownFileType = sourcecode.swift; path = NumericInputModifier.swift; sourceTree = "<group>"; };
		3D7B657F2D0484890002364F /* OnboardingAccountLogoView.swift */ = {isa = PBXFileReference; lastKnownFileType = sourcecode.swift; path = OnboardingAccountLogoView.swift; sourceTree = "<group>"; };
		3D7B65812D048B5E0002364F /* Launch Screen.storyboard */ = {isa = PBXFileReference; lastKnownFileType = file.storyboard; path = "Launch Screen.storyboard"; sourceTree = "<group>"; };
		3D7EF5D72D037A1B0021E04E /* LoadingView.swift */ = {isa = PBXFileReference; lastKnownFileType = sourcecode.swift; path = LoadingView.swift; sourceTree = "<group>"; };
		3D7EF5DA2D037A540021E04E /* OnboardingView.swift */ = {isa = PBXFileReference; lastKnownFileType = sourcecode.swift; path = OnboardingView.swift; sourceTree = "<group>"; };
		3D7EF5DD2D037A7D0021E04E /* BackgroundImage.swift */ = {isa = PBXFileReference; lastKnownFileType = sourcecode.swift; path = BackgroundImage.swift; sourceTree = "<group>"; };
		3D7EF5E02D037AD90021E04E /* AuthenticationView.swift */ = {isa = PBXFileReference; lastKnownFileType = sourcecode.swift; path = AuthenticationView.swift; sourceTree = "<group>"; };
		3D7EF5E32D037B1B0021E04E /* CreateAccountView.swift */ = {isa = PBXFileReference; lastKnownFileType = sourcecode.swift; path = CreateAccountView.swift; sourceTree = "<group>"; };
		3D7EF5E52D037B360021E04E /* EnterAgeView.swift */ = {isa = PBXFileReference; lastKnownFileType = sourcecode.swift; path = EnterAgeView.swift; sourceTree = "<group>"; };
		3D7EF5E72D037B530021E04E /* EnterNameView.swift */ = {isa = PBXFileReference; lastKnownFileType = sourcecode.swift; path = EnterNameView.swift; sourceTree = "<group>"; };
		3D7EF5E92D037B670021E04E /* EnterPhoneNumberView.swift */ = {isa = PBXFileReference; lastKnownFileType = sourcecode.swift; path = EnterPhoneNumberView.swift; sourceTree = "<group>"; };
		3D7EF5EB2D037B780021E04E /* ValidateOTPView.swift */ = {isa = PBXFileReference; lastKnownFileType = sourcecode.swift; path = ValidateOTPView.swift; sourceTree = "<group>"; };
		3D7EF5ED2D037B910021E04E /* AccountCreatedView.swift */ = {isa = PBXFileReference; lastKnownFileType = sourcecode.swift; path = AccountCreatedView.swift; sourceTree = "<group>"; };
		3D7EF5F12D037BE80021E04E /* TopBarView.swift */ = {isa = PBXFileReference; lastKnownFileType = sourcecode.swift; path = TopBarView.swift; sourceTree = "<group>"; };
		3D7EF5F32D037C930021E04E /* CreateAccountViewModel.swift */ = {isa = PBXFileReference; lastKnownFileType = sourcecode.swift; path = CreateAccountViewModel.swift; sourceTree = "<group>"; };
		3D7EF5F52D037CAC0021E04E /* AuthenticationViewModel.swift */ = {isa = PBXFileReference; lastKnownFileType = sourcecode.swift; path = AuthenticationViewModel.swift; sourceTree = "<group>"; };
		3D7EF5F72D037CE70021E04E /* SelectCountryView.swift */ = {isa = PBXFileReference; lastKnownFileType = sourcecode.swift; path = SelectCountryView.swift; sourceTree = "<group>"; };
		3D7EF5FB2D037D2B0021E04E /* EnterCodeView.swift */ = {isa = PBXFileReference; lastKnownFileType = sourcecode.swift; path = EnterCodeView.swift; sourceTree = "<group>"; };
		3D7EF5FD2D037D440021E04E /* PhoneNumberInputView.swift */ = {isa = PBXFileReference; lastKnownFileType = sourcecode.swift; path = PhoneNumberInputView.swift; sourceTree = "<group>"; };
		3D7EF5FF2D037D7E0021E04E /* ViewExtensions.swift */ = {isa = PBXFileReference; lastKnownFileType = sourcecode.swift; path = ViewExtensions.swift; sourceTree = "<group>"; };
		3D7EF6022D037E2E0021E04E /* ExplanationText.swift */ = {isa = PBXFileReference; lastKnownFileType = sourcecode.swift; path = ExplanationText.swift; sourceTree = "<group>"; };
		3D7EF6072D037F5D0021E04E /* MainView.swift */ = {isa = PBXFileReference; lastKnownFileType = sourcecode.swift; path = MainView.swift; sourceTree = "<group>"; };
		3D7EF60A2D037F7E0021E04E /* HomeView.swift */ = {isa = PBXFileReference; lastKnownFileType = sourcecode.swift; path = HomeView.swift; sourceTree = "<group>"; };
		3D7EF60C2D037FA20021E04E /* MainViewModel.swift */ = {isa = PBXFileReference; lastKnownFileType = sourcecode.swift; path = MainViewModel.swift; sourceTree = "<group>"; };
		3D7EF6102D0381F70021E04E /* GoogleService-Info.plist */ = {isa = PBXFileReference; fileEncoding = 4; lastKnownFileType = text.plist.xml; path = "GoogleService-Info.plist"; sourceTree = "<group>"; };
		3D7EF6122D0386D50021E04E /* AnimatedGradientView.swift */ = {isa = PBXFileReference; lastKnownFileType = sourcecode.swift; path = AnimatedGradientView.swift; sourceTree = "<group>"; };
		3D7EF6142D0388400021E04E /* SnackbarView.swift */ = {isa = PBXFileReference; lastKnownFileType = sourcecode.swift; path = SnackbarView.swift; sourceTree = "<group>"; };
		3D7EF6162D038B800021E04E /* ActionButtonView.swift */ = {isa = PBXFileReference; lastKnownFileType = sourcecode.swift; path = ActionButtonView.swift; sourceTree = "<group>"; };
		3D7EF6182D038E730021E04E /* countries.json */ = {isa = PBXFileReference; fileEncoding = 4; lastKnownFileType = text.json; path = countries.json; sourceTree = "<group>"; };
		3D7EF61B2D038FEF0021E04E /* FontExtensions.swift */ = {isa = PBXFileReference; lastKnownFileType = sourcecode.swift; path = FontExtensions.swift; sourceTree = "<group>"; };
		3D7EF6202D0390A30021E04E /* Outfit-Medium.ttf */ = {isa = PBXFileReference; lastKnownFileType = file; path = "Outfit-Medium.ttf"; sourceTree = "<group>"; };
		3D7EF6212D0390A30021E04E /* Outfit-SemiBold.ttf */ = {isa = PBXFileReference; lastKnownFileType = file; path = "Outfit-SemiBold.ttf"; sourceTree = "<group>"; };
		3D7EF6222D0390A40021E04E /* Outfit-Light.ttf */ = {isa = PBXFileReference; lastKnownFileType = file; path = "Outfit-Light.ttf"; sourceTree = "<group>"; };
		3D7EF6232D0390A50021E04E /* Outfit-Regular.ttf */ = {isa = PBXFileReference; lastKnownFileType = file; path = "Outfit-Regular.ttf"; sourceTree = "<group>"; };
		3D7EF6242D0390A50021E04E /* Outfit-Thin.ttf */ = {isa = PBXFileReference; lastKnownFileType = file; path = "Outfit-Thin.ttf"; sourceTree = "<group>"; };
		3D7EF6252D0390A60021E04E /* Outfit-ExtraBold.ttf */ = {isa = PBXFileReference; lastKnownFileType = file; path = "Outfit-ExtraBold.ttf"; sourceTree = "<group>"; };
		3D7EF6262D0390A60021E04E /* Outfit-Black.ttf */ = {isa = PBXFileReference; lastKnownFileType = file; path = "Outfit-Black.ttf"; sourceTree = "<group>"; };
		3D7EF6272D0390A70021E04E /* Outfit-ExtraLight.ttf */ = {isa = PBXFileReference; lastKnownFileType = file; path = "Outfit-ExtraLight.ttf"; sourceTree = "<group>"; };
		3D7EF6282D0390A70021E04E /* Outfit-Bold.ttf */ = {isa = PBXFileReference; lastKnownFileType = file; path = "Outfit-Bold.ttf"; sourceTree = "<group>"; };
		3D7EF6322D0391650021E04E /* Info.plist */ = {isa = PBXFileReference; lastKnownFileType = text.plist; path = Info.plist; sourceTree = "<group>"; };
		3DC37E142CF78F6200E7FB1B /* Passionfy.app */ = {isa = PBXFileReference; explicitFileType = wrapper.application; includeInIndex = 0; path = Passionfy.app; sourceTree = BUILT_PRODUCTS_DIR; };
		3DC37E172CF78F6200E7FB1B /* PassionfyApp.swift */ = {isa = PBXFileReference; lastKnownFileType = sourcecode.swift; path = PassionfyApp.swift; sourceTree = "<group>"; };
		3DC37E1B2CF78F6500E7FB1B /* Assets.xcassets */ = {isa = PBXFileReference; lastKnownFileType = folder.assetcatalog; path = Assets.xcassets; sourceTree = "<group>"; };
		3DC37E1E2CF78F6500E7FB1B /* Preview Assets.xcassets */ = {isa = PBXFileReference; lastKnownFileType = folder.assetcatalog; path = "Preview Assets.xcassets"; sourceTree = "<group>"; };
		3DC37E322CF792C600E7FB1B /* CardView.swift */ = {isa = PBXFileReference; lastKnownFileType = sourcecode.swift; path = CardView.swift; sourceTree = "<group>"; };
		3DC37E342CF7943C00E7FB1B /* UserInfoView.swift */ = {isa = PBXFileReference; lastKnownFileType = sourcecode.swift; path = UserInfoView.swift; sourceTree = "<group>"; };
		3DC37E362CF79A8E00E7FB1B /* SwipeActionIndicatorView.swift */ = {isa = PBXFileReference; lastKnownFileType = sourcecode.swift; path = SwipeActionIndicatorView.swift; sourceTree = "<group>"; };
		3DC37E392CF79D2400E7FB1B /* SizeConstants.swift */ = {isa = PBXFileReference; lastKnownFileType = sourcecode.swift; path = SizeConstants.swift; sourceTree = "<group>"; };
		3DC37E3B2CF79E5D00E7FB1B /* ImageScrollingOverlay.swift */ = {isa = PBXFileReference; lastKnownFileType = sourcecode.swift; path = ImageScrollingOverlay.swift; sourceTree = "<group>"; };
		3DC37E3D2CF7A2F300E7FB1B /* CardImageIndicatorView.swift */ = {isa = PBXFileReference; lastKnownFileType = sourcecode.swift; path = CardImageIndicatorView.swift; sourceTree = "<group>"; };
		3DC37E3F2CF7A61400E7FB1B /* CardStackView.swift */ = {isa = PBXFileReference; lastKnownFileType = sourcecode.swift; path = CardStackView.swift; sourceTree = "<group>"; };
		3DC37E432CF7A8A200E7FB1B /* User.swift */ = {isa = PBXFileReference; lastKnownFileType = sourcecode.swift; path = User.swift; sourceTree = "<group>"; };
		3DC37E462CF7A90C00E7FB1B /* CardModel.swift */ = {isa = PBXFileReference; lastKnownFileType = sourcecode.swift; path = CardModel.swift; sourceTree = "<group>"; };
		3DC37E492CF7A94400E7FB1B /* CardsViewModel.swift */ = {isa = PBXFileReference; lastKnownFileType = sourcecode.swift; path = CardsViewModel.swift; sourceTree = "<group>"; };
		3DC37E4C2CF7A9B000E7FB1B /* CardService.swift */ = {isa = PBXFileReference; lastKnownFileType = sourcecode.swift; path = CardService.swift; sourceTree = "<group>"; };
		3DC37E4F2CF7AA7E00E7FB1B /* MockData.swift */ = {isa = PBXFileReference; lastKnownFileType = sourcecode.swift; path = MockData.swift; sourceTree = "<group>"; };
		3DC37E512CF7B66200E7FB1B /* SwipeActionButtonsView.swift */ = {isa = PBXFileReference; lastKnownFileType = sourcecode.swift; path = SwipeActionButtonsView.swift; sourceTree = "<group>"; };
		3DC37E532CF7B7B900E7FB1B /* SwipeAction.swift */ = {isa = PBXFileReference; lastKnownFileType = sourcecode.swift; path = SwipeAction.swift; sourceTree = "<group>"; };
/* End PBXFileReference section */

/* Begin PBXFrameworksBuildPhase section */
		3DC37E112CF78F6200E7FB1B /* Frameworks */ = {
			isa = PBXFrameworksBuildPhase;
			buildActionMask = 2147483647;
			files = (
				3DC9D0AC2D033A2F00F41DED /* Kingfisher in Frameworks */,
				3D185DBB2D0329B8009A4935 /* FirebaseFirestoreSwift in Frameworks */,
				3D185DB92D0329B8009A4935 /* FirebaseFirestore in Frameworks */,
				3D185DB72D0329B8009A4935 /* FirebaseAuth in Frameworks */,
				3D185DB42D03285D009A4935 /* Factory in Frameworks */,
				3D185DBD2D0329B8009A4935 /* FirebaseStorage in Frameworks */,
			);
			runOnlyForDeploymentPostprocessing = 0;
		};
/* End PBXFrameworksBuildPhase section */

/* Begin PBXGroup section */
		3D185D912D0306CB009A4935 /* UserProfile */ = {
			isa = PBXGroup;
			children = (
				3D185D8F2D03025B009A4935 /* UserProfileView.swift */,
			);
			path = UserProfile;
			sourceTree = "<group>";
		};
		3D185D922D0306E0009A4935 /* CurrentUserProfile */ = {
			isa = PBXGroup;
			children = (
				3D185D932D0306F8009A4935 /* CurrentUserProfile.swift */,
				3D185D952D030740009A4935 /* CurrentUserProfileHeaderView.swift */,
			);
			path = CurrentUserProfile;
			sourceTree = "<group>";
		};
		3D185D972D031069009A4935 /* EditProfile */ = {
			isa = PBXGroup;
			children = (
				3D185D9A2D03108F009A4935 /* EditProfileView.swift */,
				3D185D9C2D0311B9009A4935 /* ProfileImageGridView.swift */,
			);
			path = EditProfile;
			sourceTree = "<group>";
		};
		3D185D9E2D0317F9009A4935 /* Matches */ = {
			isa = PBXGroup;
			children = (
				3D185DA42D031B6B009A4935 /* Manager */,
				3D185D9F2D031805009A4935 /* View */,
			);
			path = Matches;
			sourceTree = "<group>";
		};
		3D185D9F2D031805009A4935 /* View */ = {
			isa = PBXGroup;
			children = (
				3D185DA22D03184E009A4935 /* UserMatchView.swift */,
			);
			path = View;
			sourceTree = "<group>";
		};
		3D185DA42D031B6B009A4935 /* Manager */ = {
			isa = PBXGroup;
			children = (
				3D185DA52D031B77009A4935 /* MatchManager.swift */,
			);
			path = Manager;
			sourceTree = "<group>";
		};
		3D185DA72D03265E009A4935 /* DI */ = {
			isa = PBXGroup;
			children = (
				3D185DBE2D0329E9009A4935 /* Container.swift */,
			);
			path = DI;
			sourceTree = "<group>";
		};
		3D185DA82D03266B009A4935 /* DataSources */ = {
			isa = PBXGroup;
			children = (
				3D185DC12D032A12009A4935 /* Extensions */,
				3D185DC02D032A0E009A4935 /* DTO */,
				3D185DC22D032A29009A4935 /* Impl */,
				3D185DCD2D032D61009A4935 /* UserDataSource.swift */,
				3D185DCF2D032D9B009A4935 /* AuthenticationDataSource.swift */,
				3D185DD12D032DBB009A4935 /* StorageFilesDataSource.swift */,
			);
			path = DataSources;
			sourceTree = "<group>";
		};
		3D185DA92D03267D009A4935 /* Mapper */ = {
			isa = PBXGroup;
			children = (
				3D185DDF2D0330E4009A4935 /* Impl */,
				3D185DDD2D0330CE009A4935 /* Mapper.swift */,
			);
			path = Mapper;
			sourceTree = "<group>";
		};
		3D185DAA2D032687009A4935 /* Model */ = {
			isa = PBXGroup;
			children = (
				3DC37E432CF7A8A200E7FB1B /* User.swift */,
				3D185DD92D033071009A4935 /* Birthdate.swift */,
				3D185DDB2D033084009A4935 /* Country.swift */,
				3D28708A2D0CAD7A0044998C /* Gender.swift */,
				3D28708E2D0CB1BE0044998C /* Preference.swift */,
				3D2870902D0CB35F0044998C /* Interest.swift */,
				3D7A20062D0DA182000BCF54 /* CreateUser.swift */,
			);
			path = Model;
			sourceTree = "<group>";
		};
		3D185DAB2D032690009A4935 /* Repositories */ = {
			isa = PBXGroup;
			children = (
				3D185DE62D03318F009A4935 /* Impl */,
				3D185DE22D033144009A4935 /* UserProfileRepository.swift */,
				3D185DE42D033170009A4935 /* AuthenticationRepository.swift */,
			);
			path = Repositories;
			sourceTree = "<group>";
		};
		3D185DAC2D03269A009A4935 /* UseCases */ = {
			isa = PBXGroup;
			children = (
				3D185DF42D033335009A4935 /* VerifyUsernameAvailabilityUseCase.swift */,
				3D185DF62D03334A009A4935 /* VerifySessionUseCase.swift */,
				3D185DF82D033364009A4935 /* SignOutUseCase.swift */,
				3D185DFA2D033378009A4935 /* SignInUseCase.swift */,
				3D185DFC2D0333A3009A4935 /* SendOtpUseCase.swift */,
				3D185DFE2D0333C0009A4935 /* GetCurrentUserUseCase.swift */,
				3D185E002D0333FC009A4935 /* GetSuggestionsUseCase.swift */,
				3D185E022D03341D009A4935 /* SignUpUseCase.swift */,
				3D185E042D033443009A4935 /* UpdateUserUseCase.swift */,
			);
			path = UseCases;
			sourceTree = "<group>";
		};
		3D185DAD2D0326A9009A4935 /* View */ = {
			isa = PBXGroup;
			children = (
				3D7B65752D044EBC0002364F /* Core */,
				3D7EF6092D037F720021E04E /* Home */,
				3D7EF6062D037F550021E04E /* Main */,
				3D7EF5D92D037A430021E04E /* Onboarding */,
				3D7EF5D62D037A0E0021E04E /* Loading */,
				3DC37E2B2CF78FDF00E7FB1B /* Search */,
				3DC37E2C2CF78FE800E7FB1B /* Messaging */,
				3D185D9E2D0317F9009A4935 /* Matches */,
				3DC37E2A2CF78FD600E7FB1B /* Cards */,
				3DC37E2D2CF78FF000E7FB1B /* Profile */,
			);
			path = View;
			sourceTree = "<group>";
		};
		3D185DAE2D0326B1009A4935 /* ViewModel */ = {
			isa = PBXGroup;
			children = (
				3D185DEB2D0332BE009A4935 /* Core */,
				3D7EF5F32D037C930021E04E /* CreateAccountViewModel.swift */,
				3D7EF5F52D037CAC0021E04E /* AuthenticationViewModel.swift */,
				3D7EF60C2D037FA20021E04E /* MainViewModel.swift */,
			);
			path = ViewModel;
			sourceTree = "<group>";
		};
		3D185DC02D032A0E009A4935 /* DTO */ = {
			isa = PBXGroup;
			children = (
				3D185DC32D032A37009A4935 /* CreateUserDTO.swift */,
				3D185DC52D032A4C009A4935 /* UpdateUserDTO.swift */,
				3D185DC72D032A61009A4935 /* UserDTO.swift */,
			);
			path = DTO;
			sourceTree = "<group>";
		};
		3D185DC12D032A12009A4935 /* Extensions */ = {
			isa = PBXGroup;
			children = (
				3D185DC92D032A8A009A4935 /* CreateUserDTO+Dictionary.swift */,
				3D185DCB2D032AA8009A4935 /* UpdateUserDTO+Dictionary.swift */,
			);
			path = Extensions;
			sourceTree = "<group>";
		};
		3D185DC22D032A29009A4935 /* Impl */ = {
			isa = PBXGroup;
			children = (
				3D185DD32D032DF3009A4935 /* FirestoreUserDataSourceImpl.swift */,
				3D185DD52D032E51009A4935 /* FirebaseAuthenticationDataSourceImpl.swift */,
				3D185DD72D032E72009A4935 /* FirestoreStorageFilesDataSourceImpl.swift */,
			);
			path = Impl;
			sourceTree = "<group>";
		};
		3D185DDF2D0330E4009A4935 /* Impl */ = {
			isa = PBXGroup;
			children = (
				3D185DE02D0330EC009A4935 /* UserMapper.swift */,
			);
			path = Impl;
			sourceTree = "<group>";
		};
		3D185DE62D03318F009A4935 /* Impl */ = {
			isa = PBXGroup;
			children = (
				3D185DE72D033198009A4935 /* UserProfileRepositoryImpl.swift */,
				3D185DE92D0331FC009A4935 /* AuthenticationRepositoryImpl.swift */,
			);
			path = Impl;
			sourceTree = "<group>";
		};
		3D185DEB2D0332BE009A4935 /* Core */ = {
			isa = PBXGroup;
			children = (
				3D185DEC2D0332C9009A4935 /* EventBus.swift */,
				3D185DEE2D0332E1009A4935 /* BaseViewModel.swift */,
				3D185DF02D0332F8009A4935 /* BaseUserViewModel.swift */,
				3D185DF22D033313009A4935 /* BaseAuthViewModel.swift */,
			);
			path = Core;
			sourceTree = "<group>";
		};
		3D7A20032D0D9DA3000BCF54 /* ViewController */ = {
			isa = PBXGroup;
			children = (
				3D7A20012D0D9D8C000BCF54 /* ImagePicker.swift */,
			);
			path = ViewController;
			sourceTree = "<group>";
		};
		3D7B65742D044EB30002364F /* ViewModifiers */ = {
			isa = PBXGroup;
			children = (
				3D7B65762D044EE30002364F /* LoadingAndErrorOverlayModifier.swift */,
				3D7B657A2D046BCA0002364F /* NumericInputModifier.swift */,
			);
			path = ViewModifiers;
			sourceTree = "<group>";
		};
		3D7B65752D044EBC0002364F /* Core */ = {
			isa = PBXGroup;
			children = (
				3D7A20032D0D9DA3000BCF54 /* ViewController */,
				3D7EF5DC2D037A720021E04E /* Components */,
				3D7B65742D044EB30002364F /* ViewModifiers */,
			);
			path = Core;
			sourceTree = "<group>";
		};
		3D7B657C2D04743F0002364F /* Components */ = {
			isa = PBXGroup;
			children = (
				3D2870942D0CB4160044998C /* OnboardingStepView.swift */,
				3D7EF5FB2D037D2B0021E04E /* EnterCodeView.swift */,
				3D7B657F2D0484890002364F /* OnboardingAccountLogoView.swift */,
			);
			path = Components;
			sourceTree = "<group>";
		};
		3D7EF5D62D037A0E0021E04E /* Loading */ = {
			isa = PBXGroup;
			children = (
				3D7EF5D72D037A1B0021E04E /* LoadingView.swift */,
			);
			path = Loading;
			sourceTree = "<group>";
		};
		3D7EF5D92D037A430021E04E /* Onboarding */ = {
			isa = PBXGroup;
			children = (
				3D7B657C2D04743F0002364F /* Components */,
				3D7EF5E22D037B100021E04E /* CreateAccount */,
				3D7EF5DF2D037ACF0021E04E /* Authentication */,
				3D7EF5DA2D037A540021E04E /* OnboardingView.swift */,
			);
			path = Onboarding;
			sourceTree = "<group>";
		};
		3D7EF5DC2D037A720021E04E /* Components */ = {
			isa = PBXGroup;
			children = (
				3D7EF5DD2D037A7D0021E04E /* BackgroundImage.swift */,
				3D7EF5F12D037BE80021E04E /* TopBarView.swift */,
				3D7EF5FD2D037D440021E04E /* PhoneNumberInputView.swift */,
				3D7EF6122D0386D50021E04E /* AnimatedGradientView.swift */,
				3D7EF6142D0388400021E04E /* SnackbarView.swift */,
				3D7EF6162D038B800021E04E /* ActionButtonView.swift */,
				3D7B65782D045C120002364F /* AnimatedRadialGradientView.swift */,
				3D7ABE882D0D969000D42CE3 /* TransitioningView.swift */,
			);
			path = Components;
			sourceTree = "<group>";
		};
		3D7EF5DF2D037ACF0021E04E /* Authentication */ = {
			isa = PBXGroup;
			children = (
				3D7EF5E02D037AD90021E04E /* AuthenticationView.swift */,
			);
			path = Authentication;
			sourceTree = "<group>";
		};
		3D7EF5E22D037B100021E04E /* CreateAccount */ = {
			isa = PBXGroup;
			children = (
				3D7EF6012D037E230021E04E /* Components */,
				3D7EF5E32D037B1B0021E04E /* CreateAccountView.swift */,
				3D7EF5E52D037B360021E04E /* EnterAgeView.swift */,
				3D7EF5E72D037B530021E04E /* EnterNameView.swift */,
				3D7EF5E92D037B670021E04E /* EnterPhoneNumberView.swift */,
				3D7EF5EB2D037B780021E04E /* ValidateOTPView.swift */,
				3D7EF5ED2D037B910021E04E /* AccountCreatedView.swift */,
				3D7EF5F72D037CE70021E04E /* SelectCountryView.swift */,
				3D2870882D0CACF90044998C /* SelectGenderView.swift */,
				3D28708C2D0CB18D0044998C /* SelectPreferencesView.swift */,
				3D2870922D0CB3800044998C /* SelectInterestView.swift */,
				3D7ABE862D0D932B00D42CE3 /* EnterOccupationView.swift */,
				3D7ABE8A2D0D984400D42CE3 /* WelcomeOnboardingView.swift */,
				3D7A1FFF2D0D9D34000BCF54 /* AddRecentPicturesView.swift */,
			);
			path = CreateAccount;
			sourceTree = "<group>";
		};
		3D7EF6012D037E230021E04E /* Components */ = {
			isa = PBXGroup;
			children = (
				3D7EF6022D037E2E0021E04E /* ExplanationText.swift */,
			);
			path = Components;
			sourceTree = "<group>";
		};
		3D7EF6062D037F550021E04E /* Main */ = {
			isa = PBXGroup;
			children = (
				3D7EF6072D037F5D0021E04E /* MainView.swift */,
			);
			path = Main;
			sourceTree = "<group>";
		};
		3D7EF6092D037F720021E04E /* Home */ = {
			isa = PBXGroup;
			children = (
				3D7EF60A2D037F7E0021E04E /* HomeView.swift */,
			);
			path = Home;
			sourceTree = "<group>";
		};
		3D7EF61A2D038FD70021E04E /* Fonts */ = {
			isa = PBXGroup;
			children = (
				3D7EF61F2D0390940021E04E /* Outfit */,
			);
			path = Fonts;
			sourceTree = "<group>";
		};
		3D7EF61F2D0390940021E04E /* Outfit */ = {
			isa = PBXGroup;
			children = (
				3D7EF6262D0390A60021E04E /* Outfit-Black.ttf */,
				3D7EF6282D0390A70021E04E /* Outfit-Bold.ttf */,
				3D7EF6252D0390A60021E04E /* Outfit-ExtraBold.ttf */,
				3D7EF6272D0390A70021E04E /* Outfit-ExtraLight.ttf */,
				3D7EF6222D0390A40021E04E /* Outfit-Light.ttf */,
				3D7EF6202D0390A30021E04E /* Outfit-Medium.ttf */,
				3D7EF6232D0390A50021E04E /* Outfit-Regular.ttf */,
				3D7EF6212D0390A30021E04E /* Outfit-SemiBold.ttf */,
				3D7EF6242D0390A50021E04E /* Outfit-Thin.ttf */,
			);
			path = Outfit;
			sourceTree = "<group>";
		};
		3DC37E0B2CF78F6200E7FB1B = {
			isa = PBXGroup;
			children = (
				3DC37E162CF78F6200E7FB1B /* Passionfy */,
				3DC37E152CF78F6200E7FB1B /* Products */,
			);
			sourceTree = "<group>";
		};
		3DC37E152CF78F6200E7FB1B /* Products */ = {
			isa = PBXGroup;
			children = (
				3DC37E142CF78F6200E7FB1B /* Passionfy.app */,
			);
			name = Products;
			sourceTree = "<group>";
		};
		3DC37E162CF78F6200E7FB1B /* Passionfy */ = {
			isa = PBXGroup;
			children = (
				3D7EF6322D0391650021E04E /* Info.plist */,
				3D7EF61A2D038FD70021E04E /* Fonts */,
				3D7EF6182D038E730021E04E /* countries.json */,
				3D7EF6102D0381F70021E04E /* GoogleService-Info.plist */,
				3D185DA72D03265E009A4935 /* DI */,
				3D185DA82D03266B009A4935 /* DataSources */,
				3D185DA92D03267D009A4935 /* Mapper */,
				3DC37E272CF78FAA00E7FB1B /* Extensions */,
				3D185DAB2D032690009A4935 /* Repositories */,
				3D185DAA2D032687009A4935 /* Model */,
				3D185DAC2D03269A009A4935 /* UseCases */,
				3D185DAD2D0326A9009A4935 /* View */,
				3D185DAE2D0326B1009A4935 /* ViewModel */,
				3DC37E292CF78FBB00E7FB1B /* Utils */,
				3DC37E252CF78F9900E7FB1B /* App */,
				3DC37E1B2CF78F6500E7FB1B /* Assets.xcassets */,
				3DC37E1D2CF78F6500E7FB1B /* Preview Content */,
				3D7B65812D048B5E0002364F /* Launch Screen.storyboard */,
			);
			path = Passionfy;
			sourceTree = "<group>";
		};
		3DC37E1D2CF78F6500E7FB1B /* Preview Content */ = {
			isa = PBXGroup;
			children = (
				3DC37E1E2CF78F6500E7FB1B /* Preview Assets.xcassets */,
			);
			path = "Preview Content";
			sourceTree = "<group>";
		};
		3DC37E252CF78F9900E7FB1B /* App */ = {
			isa = PBXGroup;
			children = (
				3DC37E172CF78F6200E7FB1B /* PassionfyApp.swift */,
			);
			path = App;
			sourceTree = "<group>";
		};
		3DC37E272CF78FAA00E7FB1B /* Extensions */ = {
			isa = PBXGroup;
			children = (
				3D7EF5FF2D037D7E0021E04E /* ViewExtensions.swift */,
				3D7EF61B2D038FEF0021E04E /* FontExtensions.swift */,
				3D7A20042D0D9DEC000BCF54 /* ArrayExtensions.swift */,
			);
			path = Extensions;
			sourceTree = "<group>";
		};
		3DC37E292CF78FBB00E7FB1B /* Utils */ = {
			isa = PBXGroup;
			children = (
				3DC37E4E2CF7AA6F00E7FB1B /* MockData */,
				3DC37E382CF79D1000E7FB1B /* Constants */,
			);
			path = Utils;
			sourceTree = "<group>";
		};
		3DC37E2A2CF78FD600E7FB1B /* Cards */ = {
			isa = PBXGroup;
			children = (
				3DC37E4B2CF7A9A000E7FB1B /* Service */,
				3DC37E482CF7A93200E7FB1B /* ViewModel */,
				3DC37E452CF7A8F800E7FB1B /* Model */,
				3DC37E312CF792AB00E7FB1B /* View */,
			);
			path = Cards;
			sourceTree = "<group>";
		};
		3DC37E2B2CF78FDF00E7FB1B /* Search */ = {
			isa = PBXGroup;
			children = (
			);
			path = Search;
			sourceTree = "<group>";
		};
		3DC37E2C2CF78FE800E7FB1B /* Messaging */ = {
			isa = PBXGroup;
			children = (
			);
			path = Messaging;
			sourceTree = "<group>";
		};
		3DC37E2D2CF78FF000E7FB1B /* Profile */ = {
			isa = PBXGroup;
			children = (
				3D185D972D031069009A4935 /* EditProfile */,
				3D185D922D0306E0009A4935 /* CurrentUserProfile */,
				3D185D912D0306CB009A4935 /* UserProfile */,
			);
			path = Profile;
			sourceTree = "<group>";
		};
		3DC37E312CF792AB00E7FB1B /* View */ = {
			isa = PBXGroup;
			children = (
				3DC37E3B2CF79E5D00E7FB1B /* ImageScrollingOverlay.swift */,
				3DC37E322CF792C600E7FB1B /* CardView.swift */,
				3DC37E342CF7943C00E7FB1B /* UserInfoView.swift */,
				3DC37E362CF79A8E00E7FB1B /* SwipeActionIndicatorView.swift */,
				3DC37E3D2CF7A2F300E7FB1B /* CardImageIndicatorView.swift */,
				3DC37E3F2CF7A61400E7FB1B /* CardStackView.swift */,
				3DC37E512CF7B66200E7FB1B /* SwipeActionButtonsView.swift */,
			);
			path = View;
			sourceTree = "<group>";
		};
		3DC37E382CF79D1000E7FB1B /* Constants */ = {
			isa = PBXGroup;
			children = (
				3DC37E392CF79D2400E7FB1B /* SizeConstants.swift */,
			);
			path = Constants;
			sourceTree = "<group>";
		};
		3DC37E452CF7A8F800E7FB1B /* Model */ = {
			isa = PBXGroup;
			children = (
				3DC37E462CF7A90C00E7FB1B /* CardModel.swift */,
				3DC37E532CF7B7B900E7FB1B /* SwipeAction.swift */,
			);
			path = Model;
			sourceTree = "<group>";
		};
		3DC37E482CF7A93200E7FB1B /* ViewModel */ = {
			isa = PBXGroup;
			children = (
				3DC37E492CF7A94400E7FB1B /* CardsViewModel.swift */,
			);
			path = ViewModel;
			sourceTree = "<group>";
		};
		3DC37E4B2CF7A9A000E7FB1B /* Service */ = {
			isa = PBXGroup;
			children = (
				3DC37E4C2CF7A9B000E7FB1B /* CardService.swift */,
			);
			path = Service;
			sourceTree = "<group>";
		};
		3DC37E4E2CF7AA6F00E7FB1B /* MockData */ = {
			isa = PBXGroup;
			children = (
				3DC37E4F2CF7AA7E00E7FB1B /* MockData.swift */,
			);
			path = MockData;
			sourceTree = "<group>";
		};
/* End PBXGroup section */

/* Begin PBXNativeTarget section */
		3DC37E132CF78F6200E7FB1B /* Passionfy */ = {
			isa = PBXNativeTarget;
			buildConfigurationList = 3DC37E222CF78F6500E7FB1B /* Build configuration list for PBXNativeTarget "Passionfy" */;
			buildPhases = (
				3DC37E102CF78F6200E7FB1B /* Sources */,
				3DC37E112CF78F6200E7FB1B /* Frameworks */,
				3DC37E122CF78F6200E7FB1B /* Resources */,
			);
			buildRules = (
			);
			dependencies = (
			);
			name = Passionfy;
			packageProductDependencies = (
				3D185DB32D03285D009A4935 /* Factory */,
				3D185DB62D0329B8009A4935 /* FirebaseAuth */,
				3D185DB82D0329B8009A4935 /* FirebaseFirestore */,
				3D185DBA2D0329B8009A4935 /* FirebaseFirestoreSwift */,
				3D185DBC2D0329B8009A4935 /* FirebaseStorage */,
				3DC9D0AB2D033A2F00F41DED /* Kingfisher */,
			);
			productName = Passionfy;
			productReference = 3DC37E142CF78F6200E7FB1B /* Passionfy.app */;
			productType = "com.apple.product-type.application";
		};
/* End PBXNativeTarget section */

/* Begin PBXProject section */
		3DC37E0C2CF78F6200E7FB1B /* Project object */ = {
			isa = PBXProject;
			attributes = {
				BuildIndependentTargetsInParallel = 1;
				LastSwiftUpdateCheck = 1430;
				LastUpgradeCheck = 1430;
				TargetAttributes = {
					3DC37E132CF78F6200E7FB1B = {
						CreatedOnToolsVersion = 14.3.1;
					};
				};
			};
			buildConfigurationList = 3DC37E0F2CF78F6200E7FB1B /* Build configuration list for PBXProject "Passionfy" */;
			compatibilityVersion = "Xcode 14.0";
			developmentRegion = en;
			hasScannedForEncodings = 0;
			knownRegions = (
				en,
				Base,
			);
			mainGroup = 3DC37E0B2CF78F6200E7FB1B;
			packageReferences = (
				3D185DB22D03285D009A4935 /* XCRemoteSwiftPackageReference "Factory" */,
				3D185DB52D0329B8009A4935 /* XCRemoteSwiftPackageReference "firebase-ios-sdk" */,
				3DC9D0AA2D033A2F00F41DED /* XCRemoteSwiftPackageReference "Kingfisher" */,
			);
			productRefGroup = 3DC37E152CF78F6200E7FB1B /* Products */;
			projectDirPath = "";
			projectRoot = "";
			targets = (
				3DC37E132CF78F6200E7FB1B /* Passionfy */,
			);
		};
/* End PBXProject section */

/* Begin PBXResourcesBuildPhase section */
		3DC37E122CF78F6200E7FB1B /* Resources */ = {
			isa = PBXResourcesBuildPhase;
			buildActionMask = 2147483647;
			files = (
				3D7EF62C2D0390A70021E04E /* Outfit-Regular.ttf in Resources */,
				3D7EF6302D0390A70021E04E /* Outfit-ExtraLight.ttf in Resources */,
				3D7EF62B2D0390A70021E04E /* Outfit-Light.ttf in Resources */,
				3DC37E1F2CF78F6500E7FB1B /* Preview Assets.xcassets in Resources */,
				3D7EF62D2D0390A70021E04E /* Outfit-Thin.ttf in Resources */,
				3DC37E1C2CF78F6500E7FB1B /* Assets.xcassets in Resources */,
				3D7B65822D048B5E0002364F /* Launch Screen.storyboard in Resources */,
				3D7EF62A2D0390A70021E04E /* Outfit-SemiBold.ttf in Resources */,
				3D7EF6192D038E730021E04E /* countries.json in Resources */,
				3D7EF62F2D0390A70021E04E /* Outfit-Black.ttf in Resources */,
				3D7EF6312D0390A70021E04E /* Outfit-Bold.ttf in Resources */,
				3D7EF62E2D0390A70021E04E /* Outfit-ExtraBold.ttf in Resources */,
				3D7EF6292D0390A70021E04E /* Outfit-Medium.ttf in Resources */,
				3D7EF6112D0381F70021E04E /* GoogleService-Info.plist in Resources */,
			);
			runOnlyForDeploymentPostprocessing = 0;
		};
/* End PBXResourcesBuildPhase section */

/* Begin PBXSourcesBuildPhase section */
		3DC37E102CF78F6200E7FB1B /* Sources */ = {
			isa = PBXSourcesBuildPhase;
			buildActionMask = 2147483647;
			files = (
				3D7ABE892D0D969100D42CE3 /* TransitioningView.swift in Sources */,
				3D185DCC2D032AA8009A4935 /* UpdateUserDTO+Dictionary.swift in Sources */,
				3D185DED2D0332C9009A4935 /* EventBus.swift in Sources */,
				3D185DDC2D033084009A4935 /* Country.swift in Sources */,
				3D185DD62D032E51009A4935 /* FirebaseAuthenticationDataSourceImpl.swift in Sources */,
				3D185D9B2D03108F009A4935 /* EditProfileView.swift in Sources */,
				3D7EF60D2D037FA20021E04E /* MainViewModel.swift in Sources */,
				3D28708B2D0CAD7A0044998C /* Gender.swift in Sources */,
				3D7EF6132D0386D50021E04E /* AnimatedGradientView.swift in Sources */,
				3DC37E3C2CF79E5D00E7FB1B /* ImageScrollingOverlay.swift in Sources */,
				3D2870952D0CB4160044998C /* OnboardingStepView.swift in Sources */,
				3D7ABE872D0D932B00D42CE3 /* EnterOccupationView.swift in Sources */,
				3D185D902D03025B009A4935 /* UserProfileView.swift in Sources */,
				3D185DF92D033364009A4935 /* SignOutUseCase.swift in Sources */,
				3D185DE32D033144009A4935 /* UserProfileRepository.swift in Sources */,
				3D185DF32D033313009A4935 /* BaseAuthViewModel.swift in Sources */,
				3D185DE12D0330EC009A4935 /* UserMapper.swift in Sources */,
				3D185DDA2D033071009A4935 /* Birthdate.swift in Sources */,
				3DC37E4D2CF7A9B000E7FB1B /* CardService.swift in Sources */,
				3D7EF5E12D037AD90021E04E /* AuthenticationView.swift in Sources */,
				3D7EF60B2D037F7E0021E04E /* HomeView.swift in Sources */,
				3D185D962D030740009A4935 /* CurrentUserProfileHeaderView.swift in Sources */,
				3DC37E372CF79A8E00E7FB1B /* SwipeActionIndicatorView.swift in Sources */,
				3D7EF5F82D037CE70021E04E /* SelectCountryView.swift in Sources */,
				3D185DC62D032A4C009A4935 /* UpdateUserDTO.swift in Sources */,
				3D7EF5DE2D037A7D0021E04E /* BackgroundImage.swift in Sources */,
				3D7A20052D0D9DEC000BCF54 /* ArrayExtensions.swift in Sources */,
				3D7EF5D82D037A1B0021E04E /* LoadingView.swift in Sources */,
				3DC37E502CF7AA7E00E7FB1B /* MockData.swift in Sources */,
				3D185DEA2D0331FC009A4935 /* AuthenticationRepositoryImpl.swift in Sources */,
				3D185DD22D032DBB009A4935 /* StorageFilesDataSource.swift in Sources */,
				3DC37E542CF7B7B900E7FB1B /* SwipeAction.swift in Sources */,
				3DC37E3E2CF7A2F300E7FB1B /* CardImageIndicatorView.swift in Sources */,
				3D7EF5FC2D037D2B0021E04E /* EnterCodeView.swift in Sources */,
				3DC37E522CF7B66200E7FB1B /* SwipeActionButtonsView.swift in Sources */,
				3DC37E472CF7A90C00E7FB1B /* CardModel.swift in Sources */,
				3D7EF6082D037F5D0021E04E /* MainView.swift in Sources */,
				3D185DDE2D0330CE009A4935 /* Mapper.swift in Sources */,
				3D7B65792D045C120002364F /* AnimatedRadialGradientView.swift in Sources */,
				3D185DA62D031B77009A4935 /* MatchManager.swift in Sources */,
				3D185DD82D032E72009A4935 /* FirestoreStorageFilesDataSourceImpl.swift in Sources */,
				3D2870932D0CB3800044998C /* SelectInterestView.swift in Sources */,
				3D185DE52D033170009A4935 /* AuthenticationRepository.swift in Sources */,
				3D7EF5E62D037B360021E04E /* EnterAgeView.swift in Sources */,
				3D2870912D0CB35F0044998C /* Interest.swift in Sources */,
				3D7EF5DB2D037A540021E04E /* OnboardingView.swift in Sources */,
				3D7A20022D0D9D8C000BCF54 /* ImagePicker.swift in Sources */,
				3D185DFF2D0333C0009A4935 /* GetCurrentUserUseCase.swift in Sources */,
				3D7B65772D044EE30002364F /* LoadingAndErrorOverlayModifier.swift in Sources */,
				3D185DF52D033335009A4935 /* VerifyUsernameAvailabilityUseCase.swift in Sources */,
				3D7EF5EE2D037B910021E04E /* AccountCreatedView.swift in Sources */,
				3D7EF6032D037E2E0021E04E /* ExplanationText.swift in Sources */,
				3D185E012D0333FC009A4935 /* GetSuggestionsUseCase.swift in Sources */,
				3D185DE82D033198009A4935 /* UserProfileRepositoryImpl.swift in Sources */,
				3D7B657B2D046BCA0002364F /* NumericInputModifier.swift in Sources */,
				3D7EF5E82D037B530021E04E /* EnterNameView.swift in Sources */,
				3D185DBF2D0329E9009A4935 /* Container.swift in Sources */,
				3D185DC82D032A61009A4935 /* UserDTO.swift in Sources */,
				3D7EF6002D037D7E0021E04E /* ViewExtensions.swift in Sources */,
				3D185DA32D03184E009A4935 /* UserMatchView.swift in Sources */,
				3DC37E402CF7A61400E7FB1B /* CardStackView.swift in Sources */,
				3D7EF6172D038B800021E04E /* ActionButtonView.swift in Sources */,
				3D185DC42D032A37009A4935 /* CreateUserDTO.swift in Sources */,
				3D185D9D2D0311B9009A4935 /* ProfileImageGridView.swift in Sources */,
				3D7EF5FE2D037D440021E04E /* PhoneNumberInputView.swift in Sources */,
				3D28708D2D0CB18D0044998C /* SelectPreferencesView.swift in Sources */,
				3DC37E332CF792C600E7FB1B /* CardView.swift in Sources */,
				3DC37E3A2CF79D2400E7FB1B /* SizeConstants.swift in Sources */,
				3D185DCE2D032D61009A4935 /* UserDataSource.swift in Sources */,
				3D7EF5EC2D037B780021E04E /* ValidateOTPView.swift in Sources */,
				3DC37E182CF78F6200E7FB1B /* PassionfyApp.swift in Sources */,
				3D2870892D0CACF90044998C /* SelectGenderView.swift in Sources */,
				3D7EF61C2D038FEF0021E04E /* FontExtensions.swift in Sources */,
				3D7B65802D0484890002364F /* OnboardingAccountLogoView.swift in Sources */,
				3D185D942D0306F8009A4935 /* CurrentUserProfile.swift in Sources */,
				3D7EF5EA2D037B670021E04E /* EnterPhoneNumberView.swift in Sources */,
				3D7A20072D0DA182000BCF54 /* CreateUser.swift in Sources */,
				3D7EF6152D0388400021E04E /* SnackbarView.swift in Sources */,
				3D185E032D03341D009A4935 /* SignUpUseCase.swift in Sources */,
				3D185DFD2D0333A3009A4935 /* SendOtpUseCase.swift in Sources */,
				3D7EF5F62D037CAC0021E04E /* AuthenticationViewModel.swift in Sources */,
				3D7ABE8B2D0D984400D42CE3 /* WelcomeOnboardingView.swift in Sources */,
				3D7EF5F22D037BE80021E04E /* TopBarView.swift in Sources */,
				3D185E052D033443009A4935 /* UpdateUserUseCase.swift in Sources */,
				3D185DFB2D033378009A4935 /* SignInUseCase.swift in Sources */,
				3D185DCA2D032A8A009A4935 /* CreateUserDTO+Dictionary.swift in Sources */,
				3D185DF72D03334A009A4935 /* VerifySessionUseCase.swift in Sources */,
				3DC37E4A2CF7A94400E7FB1B /* CardsViewModel.swift in Sources */,
				3D28708F2D0CB1BE0044998C /* Preference.swift in Sources */,
				3D7A20002D0D9D34000BCF54 /* AddRecentPicturesView.swift in Sources */,
				3D7EF5F42D037C930021E04E /* CreateAccountViewModel.swift in Sources */,
				3D185DF12D0332F8009A4935 /* BaseUserViewModel.swift in Sources */,
				3D185DD02D032D9B009A4935 /* AuthenticationDataSource.swift in Sources */,
				3D185DEF2D0332E1009A4935 /* BaseViewModel.swift in Sources */,
				3D185DD42D032DF3009A4935 /* FirestoreUserDataSourceImpl.swift in Sources */,
				3D7EF5E42D037B1B0021E04E /* CreateAccountView.swift in Sources */,
				3DC37E352CF7943C00E7FB1B /* UserInfoView.swift in Sources */,
				3DC37E442CF7A8A200E7FB1B /* User.swift in Sources */,
			);
			runOnlyForDeploymentPostprocessing = 0;
		};
/* End PBXSourcesBuildPhase section */

/* Begin XCBuildConfiguration section */
		3DC37E202CF78F6500E7FB1B /* Debug */ = {
			isa = XCBuildConfiguration;
			buildSettings = {
				ALWAYS_SEARCH_USER_PATHS = NO;
				CLANG_ANALYZER_NONNULL = YES;
				CLANG_ANALYZER_NUMBER_OBJECT_CONVERSION = YES_AGGRESSIVE;
				CLANG_CXX_LANGUAGE_STANDARD = "gnu++20";
				CLANG_ENABLE_MODULES = YES;
				CLANG_ENABLE_OBJC_ARC = YES;
				CLANG_ENABLE_OBJC_WEAK = YES;
				CLANG_WARN_BLOCK_CAPTURE_AUTORELEASING = YES;
				CLANG_WARN_BOOL_CONVERSION = YES;
				CLANG_WARN_COMMA = YES;
				CLANG_WARN_CONSTANT_CONVERSION = YES;
				CLANG_WARN_DEPRECATED_OBJC_IMPLEMENTATIONS = YES;
				CLANG_WARN_DIRECT_OBJC_ISA_USAGE = YES_ERROR;
				CLANG_WARN_DOCUMENTATION_COMMENTS = YES;
				CLANG_WARN_EMPTY_BODY = YES;
				CLANG_WARN_ENUM_CONVERSION = YES;
				CLANG_WARN_INFINITE_RECURSION = YES;
				CLANG_WARN_INT_CONVERSION = YES;
				CLANG_WARN_NON_LITERAL_NULL_CONVERSION = YES;
				CLANG_WARN_OBJC_IMPLICIT_RETAIN_SELF = YES;
				CLANG_WARN_OBJC_LITERAL_CONVERSION = YES;
				CLANG_WARN_OBJC_ROOT_CLASS = YES_ERROR;
				CLANG_WARN_QUOTED_INCLUDE_IN_FRAMEWORK_HEADER = YES;
				CLANG_WARN_RANGE_LOOP_ANALYSIS = YES;
				CLANG_WARN_STRICT_PROTOTYPES = YES;
				CLANG_WARN_SUSPICIOUS_MOVE = YES;
				CLANG_WARN_UNGUARDED_AVAILABILITY = YES_AGGRESSIVE;
				CLANG_WARN_UNREACHABLE_CODE = YES;
				CLANG_WARN__DUPLICATE_METHOD_MATCH = YES;
				COPY_PHASE_STRIP = NO;
				DEBUG_INFORMATION_FORMAT = dwarf;
				ENABLE_STRICT_OBJC_MSGSEND = YES;
				ENABLE_TESTABILITY = YES;
				GCC_C_LANGUAGE_STANDARD = gnu11;
				GCC_DYNAMIC_NO_PIC = NO;
				GCC_NO_COMMON_BLOCKS = YES;
				GCC_OPTIMIZATION_LEVEL = 0;
				GCC_PREPROCESSOR_DEFINITIONS = (
					"DEBUG=1",
					"$(inherited)",
				);
				GCC_WARN_64_TO_32_BIT_CONVERSION = YES;
				GCC_WARN_ABOUT_RETURN_TYPE = YES_ERROR;
				GCC_WARN_UNDECLARED_SELECTOR = YES;
				GCC_WARN_UNINITIALIZED_AUTOS = YES_AGGRESSIVE;
				GCC_WARN_UNUSED_FUNCTION = YES;
				GCC_WARN_UNUSED_VARIABLE = YES;
				IPHONEOS_DEPLOYMENT_TARGET = 16.4;
				MTL_ENABLE_DEBUG_INFO = INCLUDE_SOURCE;
				MTL_FAST_MATH = YES;
				ONLY_ACTIVE_ARCH = YES;
				SDKROOT = iphoneos;
				SWIFT_ACTIVE_COMPILATION_CONDITIONS = DEBUG;
				SWIFT_OPTIMIZATION_LEVEL = "-Onone";
			};
			name = Debug;
		};
		3DC37E212CF78F6500E7FB1B /* Release */ = {
			isa = XCBuildConfiguration;
			buildSettings = {
				ALWAYS_SEARCH_USER_PATHS = NO;
				CLANG_ANALYZER_NONNULL = YES;
				CLANG_ANALYZER_NUMBER_OBJECT_CONVERSION = YES_AGGRESSIVE;
				CLANG_CXX_LANGUAGE_STANDARD = "gnu++20";
				CLANG_ENABLE_MODULES = YES;
				CLANG_ENABLE_OBJC_ARC = YES;
				CLANG_ENABLE_OBJC_WEAK = YES;
				CLANG_WARN_BLOCK_CAPTURE_AUTORELEASING = YES;
				CLANG_WARN_BOOL_CONVERSION = YES;
				CLANG_WARN_COMMA = YES;
				CLANG_WARN_CONSTANT_CONVERSION = YES;
				CLANG_WARN_DEPRECATED_OBJC_IMPLEMENTATIONS = YES;
				CLANG_WARN_DIRECT_OBJC_ISA_USAGE = YES_ERROR;
				CLANG_WARN_DOCUMENTATION_COMMENTS = YES;
				CLANG_WARN_EMPTY_BODY = YES;
				CLANG_WARN_ENUM_CONVERSION = YES;
				CLANG_WARN_INFINITE_RECURSION = YES;
				CLANG_WARN_INT_CONVERSION = YES;
				CLANG_WARN_NON_LITERAL_NULL_CONVERSION = YES;
				CLANG_WARN_OBJC_IMPLICIT_RETAIN_SELF = YES;
				CLANG_WARN_OBJC_LITERAL_CONVERSION = YES;
				CLANG_WARN_OBJC_ROOT_CLASS = YES_ERROR;
				CLANG_WARN_QUOTED_INCLUDE_IN_FRAMEWORK_HEADER = YES;
				CLANG_WARN_RANGE_LOOP_ANALYSIS = YES;
				CLANG_WARN_STRICT_PROTOTYPES = YES;
				CLANG_WARN_SUSPICIOUS_MOVE = YES;
				CLANG_WARN_UNGUARDED_AVAILABILITY = YES_AGGRESSIVE;
				CLANG_WARN_UNREACHABLE_CODE = YES;
				CLANG_WARN__DUPLICATE_METHOD_MATCH = YES;
				COPY_PHASE_STRIP = NO;
				DEBUG_INFORMATION_FORMAT = "dwarf-with-dsym";
				ENABLE_NS_ASSERTIONS = NO;
				ENABLE_STRICT_OBJC_MSGSEND = YES;
				GCC_C_LANGUAGE_STANDARD = gnu11;
				GCC_NO_COMMON_BLOCKS = YES;
				GCC_WARN_64_TO_32_BIT_CONVERSION = YES;
				GCC_WARN_ABOUT_RETURN_TYPE = YES_ERROR;
				GCC_WARN_UNDECLARED_SELECTOR = YES;
				GCC_WARN_UNINITIALIZED_AUTOS = YES_AGGRESSIVE;
				GCC_WARN_UNUSED_FUNCTION = YES;
				GCC_WARN_UNUSED_VARIABLE = YES;
				IPHONEOS_DEPLOYMENT_TARGET = 16.4;
				MTL_ENABLE_DEBUG_INFO = NO;
				MTL_FAST_MATH = YES;
				SDKROOT = iphoneos;
				SWIFT_COMPILATION_MODE = wholemodule;
				SWIFT_OPTIMIZATION_LEVEL = "-O";
				VALIDATE_PRODUCT = YES;
			};
			name = Release;
		};
		3DC37E232CF78F6500E7FB1B /* Debug */ = {
			isa = XCBuildConfiguration;
			buildSettings = {
				ASSETCATALOG_COMPILER_APPICON_NAME = AppIcon;
				ASSETCATALOG_COMPILER_GLOBAL_ACCENT_COLOR_NAME = AccentColor;
				CODE_SIGN_STYLE = Automatic;
				CURRENT_PROJECT_VERSION = 1;
				DEVELOPMENT_ASSET_PATHS = "\"Passionfy/Preview Content\"";
				DEVELOPMENT_TEAM = PX63F4TNY3;
				ENABLE_PREVIEWS = YES;
				GENERATE_INFOPLIST_FILE = YES;
				INFOPLIST_FILE = Passionfy/Info.plist;
				INFOPLIST_KEY_LSApplicationCategoryType = "";
				INFOPLIST_KEY_UIApplicationSceneManifest_Generation = YES;
				INFOPLIST_KEY_UIApplicationSupportsIndirectInputEvents = YES;
				INFOPLIST_KEY_UILaunchScreen_Generation = YES;
				INFOPLIST_KEY_UILaunchStoryboardName = "Launch Screen.storyboard";
				INFOPLIST_KEY_UISupportedInterfaceOrientations_iPad = "UIInterfaceOrientationPortrait UIInterfaceOrientationPortraitUpsideDown UIInterfaceOrientationLandscapeLeft UIInterfaceOrientationLandscapeRight";
				INFOPLIST_KEY_UISupportedInterfaceOrientations_iPhone = "UIInterfaceOrientationPortrait UIInterfaceOrientationLandscapeLeft UIInterfaceOrientationLandscapeRight";
				LD_RUNPATH_SEARCH_PATHS = (
					"$(inherited)",
					"@executable_path/Frameworks",
				);
				MARKETING_VERSION = 1.0;
				PRODUCT_BUNDLE_IDENTIFIER = com.dreamsoftware.Passionfy;
				PRODUCT_NAME = "$(TARGET_NAME)";
				SWIFT_EMIT_LOC_STRINGS = YES;
				SWIFT_VERSION = 5.0;
				TARGETED_DEVICE_FAMILY = "1,2";
			};
			name = Debug;
		};
		3DC37E242CF78F6500E7FB1B /* Release */ = {
			isa = XCBuildConfiguration;
			buildSettings = {
				ASSETCATALOG_COMPILER_APPICON_NAME = AppIcon;
				ASSETCATALOG_COMPILER_GLOBAL_ACCENT_COLOR_NAME = AccentColor;
				CODE_SIGN_STYLE = Automatic;
				CURRENT_PROJECT_VERSION = 1;
				DEVELOPMENT_ASSET_PATHS = "\"Passionfy/Preview Content\"";
				DEVELOPMENT_TEAM = PX63F4TNY3;
				ENABLE_PREVIEWS = YES;
				GENERATE_INFOPLIST_FILE = YES;
				INFOPLIST_FILE = Passionfy/Info.plist;
				INFOPLIST_KEY_LSApplicationCategoryType = "";
				INFOPLIST_KEY_UIApplicationSceneManifest_Generation = YES;
				INFOPLIST_KEY_UIApplicationSupportsIndirectInputEvents = YES;
				INFOPLIST_KEY_UILaunchScreen_Generation = YES;
				INFOPLIST_KEY_UILaunchStoryboardName = "Launch Screen.storyboard";
				INFOPLIST_KEY_UISupportedInterfaceOrientations_iPad = "UIInterfaceOrientationPortrait UIInterfaceOrientationPortraitUpsideDown UIInterfaceOrientationLandscapeLeft UIInterfaceOrientationLandscapeRight";
				INFOPLIST_KEY_UISupportedInterfaceOrientations_iPhone = "UIInterfaceOrientationPortrait UIInterfaceOrientationLandscapeLeft UIInterfaceOrientationLandscapeRight";
				LD_RUNPATH_SEARCH_PATHS = (
					"$(inherited)",
					"@executable_path/Frameworks",
				);
				MARKETING_VERSION = 1.0;
				PRODUCT_BUNDLE_IDENTIFIER = com.dreamsoftware.Passionfy;
				PRODUCT_NAME = "$(TARGET_NAME)";
				SWIFT_EMIT_LOC_STRINGS = YES;
				SWIFT_VERSION = 5.0;
				TARGETED_DEVICE_FAMILY = "1,2";
			};
			name = Release;
		};
/* End XCBuildConfiguration section */

/* Begin XCConfigurationList section */
		3DC37E0F2CF78F6200E7FB1B /* Build configuration list for PBXProject "Passionfy" */ = {
			isa = XCConfigurationList;
			buildConfigurations = (
				3DC37E202CF78F6500E7FB1B /* Debug */,
				3DC37E212CF78F6500E7FB1B /* Release */,
			);
			defaultConfigurationIsVisible = 0;
			defaultConfigurationName = Release;
		};
		3DC37E222CF78F6500E7FB1B /* Build configuration list for PBXNativeTarget "Passionfy" */ = {
			isa = XCConfigurationList;
			buildConfigurations = (
				3DC37E232CF78F6500E7FB1B /* Debug */,
				3DC37E242CF78F6500E7FB1B /* Release */,
			);
			defaultConfigurationIsVisible = 0;
			defaultConfigurationName = Release;
		};
/* End XCConfigurationList section */

/* Begin XCRemoteSwiftPackageReference section */
		3D185DB22D03285D009A4935 /* XCRemoteSwiftPackageReference "Factory" */ = {
			isa = XCRemoteSwiftPackageReference;
			repositoryURL = "https://github.com/hmlongco/Factory.git";
			requirement = {
				kind = upToNextMajorVersion;
				minimumVersion = 2.0.0;
			};
		};
		3D185DB52D0329B8009A4935 /* XCRemoteSwiftPackageReference "firebase-ios-sdk" */ = {
			isa = XCRemoteSwiftPackageReference;
			repositoryURL = "https://github.com/firebase/firebase-ios-sdk.git";
			requirement = {
				kind = upToNextMajorVersion;
				minimumVersion = 10.0.21;
			};
		};
		3DC9D0AA2D033A2F00F41DED /* XCRemoteSwiftPackageReference "Kingfisher" */ = {
			isa = XCRemoteSwiftPackageReference;
			repositoryURL = "https://github.com/onevcat/Kingfisher.git";
			requirement = {
				kind = exactVersion;
				version = 7.12.0;
			};
		};
/* End XCRemoteSwiftPackageReference section */

/* Begin XCSwiftPackageProductDependency section */
		3D185DB32D03285D009A4935 /* Factory */ = {
			isa = XCSwiftPackageProductDependency;
			package = 3D185DB22D03285D009A4935 /* XCRemoteSwiftPackageReference "Factory" */;
			productName = Factory;
		};
		3D185DB62D0329B8009A4935 /* FirebaseAuth */ = {
			isa = XCSwiftPackageProductDependency;
			package = 3D185DB52D0329B8009A4935 /* XCRemoteSwiftPackageReference "firebase-ios-sdk" */;
			productName = FirebaseAuth;
		};
		3D185DB82D0329B8009A4935 /* FirebaseFirestore */ = {
			isa = XCSwiftPackageProductDependency;
			package = 3D185DB52D0329B8009A4935 /* XCRemoteSwiftPackageReference "firebase-ios-sdk" */;
			productName = FirebaseFirestore;
		};
		3D185DBA2D0329B8009A4935 /* FirebaseFirestoreSwift */ = {
			isa = XCSwiftPackageProductDependency;
			package = 3D185DB52D0329B8009A4935 /* XCRemoteSwiftPackageReference "firebase-ios-sdk" */;
			productName = FirebaseFirestoreSwift;
		};
		3D185DBC2D0329B8009A4935 /* FirebaseStorage */ = {
			isa = XCSwiftPackageProductDependency;
			package = 3D185DB52D0329B8009A4935 /* XCRemoteSwiftPackageReference "firebase-ios-sdk" */;
			productName = FirebaseStorage;
		};
		3DC9D0AB2D033A2F00F41DED /* Kingfisher */ = {
			isa = XCSwiftPackageProductDependency;
			package = 3DC9D0AA2D033A2F00F41DED /* XCRemoteSwiftPackageReference "Kingfisher" */;
			productName = Kingfisher;
		};
/* End XCSwiftPackageProductDependency section */
	};
	rootObject = 3DC37E0C2CF78F6200E7FB1B /* Project object */;
}
