// !$*UTF8*$!
{
	archiveVersion = 1;
	classes = {
	};
	objectVersion = 56;
	objects = {

/* Begin PBXBuildFile section */
		3D185D902D03025B009A4935 /* UserProfileView.swift in Sources */ = {isa = PBXBuildFile; fileRef = 3D185D8F2D03025B009A4935 /* UserProfileView.swift */; };
		3D185D942D0306F8009A4935 /* CurrentUserProfile.swift in Sources */ = {isa = PBXBuildFile; fileRef = 3D185D932D0306F8009A4935 /* CurrentUserProfile.swift */; };
		3D185D962D030740009A4935 /* CurrentUserProfileHeaderView.swift in Sources */ = {isa = PBXBuildFile; fileRef = 3D185D952D030740009A4935 /* CurrentUserProfileHeaderView.swift */; };
		3D185D9B2D03108F009A4935 /* EditProfileView.swift in Sources */ = {isa = PBXBuildFile; fileRef = 3D185D9A2D03108F009A4935 /* EditProfileView.swift */; };
		3D185D9D2D0311B9009A4935 /* ProfileImageGridView.swift in Sources */ = {isa = PBXBuildFile; fileRef = 3D185D9C2D0311B9009A4935 /* ProfileImageGridView.swift */; };
		3D185DA32D03184E009A4935 /* UserMatchView.swift in Sources */ = {isa = PBXBuildFile; fileRef = 3D185DA22D03184E009A4935 /* UserMatchView.swift */; };
		3D185DA62D031B77009A4935 /* MatchManager.swift in Sources */ = {isa = PBXBuildFile; fileRef = 3D185DA52D031B77009A4935 /* MatchManager.swift */; };
		3D185DB42D03285D009A4935 /* Factory in Frameworks */ = {isa = PBXBuildFile; productRef = 3D185DB32D03285D009A4935 /* Factory */; };
		3D185DB72D0329B8009A4935 /* FirebaseAuth in Frameworks */ = {isa = PBXBuildFile; productRef = 3D185DB62D0329B8009A4935 /* FirebaseAuth */; };
		3D185DB92D0329B8009A4935 /* FirebaseFirestore in Frameworks */ = {isa = PBXBuildFile; productRef = 3D185DB82D0329B8009A4935 /* FirebaseFirestore */; };
		3D185DBB2D0329B8009A4935 /* FirebaseFirestoreSwift in Frameworks */ = {isa = PBXBuildFile; productRef = 3D185DBA2D0329B8009A4935 /* FirebaseFirestoreSwift */; };
		3D185DBD2D0329B8009A4935 /* FirebaseStorage in Frameworks */ = {isa = PBXBuildFile; productRef = 3D185DBC2D0329B8009A4935 /* FirebaseStorage */; };
		3D185DBF2D0329E9009A4935 /* Container.swift in Sources */ = {isa = PBXBuildFile; fileRef = 3D185DBE2D0329E9009A4935 /* Container.swift */; };
		3D185DC42D032A37009A4935 /* CreateUserDTO.swift in Sources */ = {isa = PBXBuildFile; fileRef = 3D185DC32D032A37009A4935 /* CreateUserDTO.swift */; };
		3D185DC62D032A4C009A4935 /* UpdateUserDTO.swift in Sources */ = {isa = PBXBuildFile; fileRef = 3D185DC52D032A4C009A4935 /* UpdateUserDTO.swift */; };
		3D185DC82D032A61009A4935 /* UserDTO.swift in Sources */ = {isa = PBXBuildFile; fileRef = 3D185DC72D032A61009A4935 /* UserDTO.swift */; };
		3D185DCA2D032A8A009A4935 /* CreateUserDTO+Dictionary.swift in Sources */ = {isa = PBXBuildFile; fileRef = 3D185DC92D032A8A009A4935 /* CreateUserDTO+Dictionary.swift */; };
		3D185DCC2D032AA8009A4935 /* UpdateUserDTO+Dictionary.swift in Sources */ = {isa = PBXBuildFile; fileRef = 3D185DCB2D032AA8009A4935 /* UpdateUserDTO+Dictionary.swift */; };
		3D185DCE2D032D61009A4935 /* UserDataSource.swift in Sources */ = {isa = PBXBuildFile; fileRef = 3D185DCD2D032D61009A4935 /* UserDataSource.swift */; };
		3D185DD02D032D9B009A4935 /* AuthenticationDataSource.swift in Sources */ = {isa = PBXBuildFile; fileRef = 3D185DCF2D032D9B009A4935 /* AuthenticationDataSource.swift */; };
		3D185DD22D032DBB009A4935 /* StorageFilesDataSource.swift in Sources */ = {isa = PBXBuildFile; fileRef = 3D185DD12D032DBB009A4935 /* StorageFilesDataSource.swift */; };
		3D185DD42D032DF3009A4935 /* FirestoreUserDataSourceImpl.swift in Sources */ = {isa = PBXBuildFile; fileRef = 3D185DD32D032DF3009A4935 /* FirestoreUserDataSourceImpl.swift */; };
		3D185DD62D032E51009A4935 /* FirebaseAuthenticationDataSourceImpl.swift in Sources */ = {isa = PBXBuildFile; fileRef = 3D185DD52D032E51009A4935 /* FirebaseAuthenticationDataSourceImpl.swift */; };
		3D185DD82D032E72009A4935 /* FirestoreStorageFilesDataSourceImpl.swift in Sources */ = {isa = PBXBuildFile; fileRef = 3D185DD72D032E72009A4935 /* FirestoreStorageFilesDataSourceImpl.swift */; };
		3D185DDA2D033071009A4935 /* Birthdate.swift in Sources */ = {isa = PBXBuildFile; fileRef = 3D185DD92D033071009A4935 /* Birthdate.swift */; };
		3D185DDC2D033084009A4935 /* Country.swift in Sources */ = {isa = PBXBuildFile; fileRef = 3D185DDB2D033084009A4935 /* Country.swift */; };
		3D185DDE2D0330CE009A4935 /* Mapper.swift in Sources */ = {isa = PBXBuildFile; fileRef = 3D185DDD2D0330CE009A4935 /* Mapper.swift */; };
		3D185DE12D0330EC009A4935 /* UserMapper.swift in Sources */ = {isa = PBXBuildFile; fileRef = 3D185DE02D0330EC009A4935 /* UserMapper.swift */; };
		3D185DE32D033144009A4935 /* UserProfileRepository.swift in Sources */ = {isa = PBXBuildFile; fileRef = 3D185DE22D033144009A4935 /* UserProfileRepository.swift */; };
		3D185DE52D033170009A4935 /* AuthenticationRepository.swift in Sources */ = {isa = PBXBuildFile; fileRef = 3D185DE42D033170009A4935 /* AuthenticationRepository.swift */; };
		3D185DE82D033198009A4935 /* UserProfileRepositoryImpl.swift in Sources */ = {isa = PBXBuildFile; fileRef = 3D185DE72D033198009A4935 /* UserProfileRepositoryImpl.swift */; };
		3D185DEA2D0331FC009A4935 /* AuthenticationRepositoryImpl.swift in Sources */ = {isa = PBXBuildFile; fileRef = 3D185DE92D0331FC009A4935 /* AuthenticationRepositoryImpl.swift */; };
		3D185DED2D0332C9009A4935 /* EventBus.swift in Sources */ = {isa = PBXBuildFile; fileRef = 3D185DEC2D0332C9009A4935 /* EventBus.swift */; };
		3D185DEF2D0332E1009A4935 /* BaseViewModel.swift in Sources */ = {isa = PBXBuildFile; fileRef = 3D185DEE2D0332E1009A4935 /* BaseViewModel.swift */; };
		3D185DF12D0332F8009A4935 /* BaseUserViewModel.swift in Sources */ = {isa = PBXBuildFile; fileRef = 3D185DF02D0332F8009A4935 /* BaseUserViewModel.swift */; };
		3D185DF32D033313009A4935 /* BaseAuthViewModel.swift in Sources */ = {isa = PBXBuildFile; fileRef = 3D185DF22D033313009A4935 /* BaseAuthViewModel.swift */; };
		3D185DF52D033335009A4935 /* VerifyUsernameAvailabilityUseCase.swift in Sources */ = {isa = PBXBuildFile; fileRef = 3D185DF42D033335009A4935 /* VerifyUsernameAvailabilityUseCase.swift */; };
		3D185DF72D03334A009A4935 /* VerifySessionUseCase.swift in Sources */ = {isa = PBXBuildFile; fileRef = 3D185DF62D03334A009A4935 /* VerifySessionUseCase.swift */; };
		3D185DF92D033364009A4935 /* SignOutUseCase.swift in Sources */ = {isa = PBXBuildFile; fileRef = 3D185DF82D033364009A4935 /* SignOutUseCase.swift */; };
		3D185DFB2D033378009A4935 /* SignInUseCase.swift in Sources */ = {isa = PBXBuildFile; fileRef = 3D185DFA2D033378009A4935 /* SignInUseCase.swift */; };
		3D185DFD2D0333A3009A4935 /* SendOtpUseCase.swift in Sources */ = {isa = PBXBuildFile; fileRef = 3D185DFC2D0333A3009A4935 /* SendOtpUseCase.swift */; };
		3D185DFF2D0333C0009A4935 /* GetCurrentUserUseCase.swift in Sources */ = {isa = PBXBuildFile; fileRef = 3D185DFE2D0333C0009A4935 /* GetCurrentUserUseCase.swift */; };
		3D185E012D0333FC009A4935 /* GetSuggestionsUseCase.swift in Sources */ = {isa = PBXBuildFile; fileRef = 3D185E002D0333FC009A4935 /* GetSuggestionsUseCase.swift */; };
		3D185E032D03341D009A4935 /* SignUpUseCase.swift in Sources */ = {isa = PBXBuildFile; fileRef = 3D185E022D03341D009A4935 /* SignUpUseCase.swift */; };
		3D185E052D033443009A4935 /* UpdateUserUseCase.swift in Sources */ = {isa = PBXBuildFile; fileRef = 3D185E042D033443009A4935 /* UpdateUserUseCase.swift */; };
		3DC37E182CF78F6200E7FB1B /* PassionfyApp.swift in Sources */ = {isa = PBXBuildFile; fileRef = 3DC37E172CF78F6200E7FB1B /* PassionfyApp.swift */; };
		3DC37E1C2CF78F6500E7FB1B /* Assets.xcassets in Resources */ = {isa = PBXBuildFile; fileRef = 3DC37E1B2CF78F6500E7FB1B /* Assets.xcassets */; };
		3DC37E1F2CF78F6500E7FB1B /* Preview Assets.xcassets in Resources */ = {isa = PBXBuildFile; fileRef = 3DC37E1E2CF78F6500E7FB1B /* Preview Assets.xcassets */; };
		3DC37E302CF7902C00E7FB1B /* MainTabBar.swift in Sources */ = {isa = PBXBuildFile; fileRef = 3DC37E2F2CF7902C00E7FB1B /* MainTabBar.swift */; };
		3DC37E332CF792C600E7FB1B /* CardView.swift in Sources */ = {isa = PBXBuildFile; fileRef = 3DC37E322CF792C600E7FB1B /* CardView.swift */; };
		3DC37E352CF7943C00E7FB1B /* UserInfoView.swift in Sources */ = {isa = PBXBuildFile; fileRef = 3DC37E342CF7943C00E7FB1B /* UserInfoView.swift */; };
		3DC37E372CF79A8E00E7FB1B /* SwipeActionIndicatorView.swift in Sources */ = {isa = PBXBuildFile; fileRef = 3DC37E362CF79A8E00E7FB1B /* SwipeActionIndicatorView.swift */; };
		3DC37E3A2CF79D2400E7FB1B /* SizeConstants.swift in Sources */ = {isa = PBXBuildFile; fileRef = 3DC37E392CF79D2400E7FB1B /* SizeConstants.swift */; };
		3DC37E3C2CF79E5D00E7FB1B /* ImageScrollingOverlay.swift in Sources */ = {isa = PBXBuildFile; fileRef = 3DC37E3B2CF79E5D00E7FB1B /* ImageScrollingOverlay.swift */; };
		3DC37E3E2CF7A2F300E7FB1B /* CardImageIndicatorView.swift in Sources */ = {isa = PBXBuildFile; fileRef = 3DC37E3D2CF7A2F300E7FB1B /* CardImageIndicatorView.swift */; };
		3DC37E402CF7A61400E7FB1B /* CardStackView.swift in Sources */ = {isa = PBXBuildFile; fileRef = 3DC37E3F2CF7A61400E7FB1B /* CardStackView.swift */; };
		3DC37E442CF7A8A200E7FB1B /* User.swift in Sources */ = {isa = PBXBuildFile; fileRef = 3DC37E432CF7A8A200E7FB1B /* User.swift */; };
		3DC37E472CF7A90C00E7FB1B /* CardModel.swift in Sources */ = {isa = PBXBuildFile; fileRef = 3DC37E462CF7A90C00E7FB1B /* CardModel.swift */; };
		3DC37E4A2CF7A94400E7FB1B /* CardsViewModel.swift in Sources */ = {isa = PBXBuildFile; fileRef = 3DC37E492CF7A94400E7FB1B /* CardsViewModel.swift */; };
		3DC37E4D2CF7A9B000E7FB1B /* CardService.swift in Sources */ = {isa = PBXBuildFile; fileRef = 3DC37E4C2CF7A9B000E7FB1B /* CardService.swift */; };
		3DC37E502CF7AA7E00E7FB1B /* MockData.swift in Sources */ = {isa = PBXBuildFile; fileRef = 3DC37E4F2CF7AA7E00E7FB1B /* MockData.swift */; };
		3DC37E522CF7B66200E7FB1B /* SwipeActionButtonsView.swift in Sources */ = {isa = PBXBuildFile; fileRef = 3DC37E512CF7B66200E7FB1B /* SwipeActionButtonsView.swift */; };
		3DC37E542CF7B7B900E7FB1B /* SwipeAction.swift in Sources */ = {isa = PBXBuildFile; fileRef = 3DC37E532CF7B7B900E7FB1B /* SwipeAction.swift */; };
		3DC9D0AC2D033A2F00F41DED /* Kingfisher in Frameworks */ = {isa = PBXBuildFile; productRef = 3DC9D0AB2D033A2F00F41DED /* Kingfisher */; };
/* End PBXBuildFile section */

/* Begin PBXFileReference section */
		3D185D8F2D03025B009A4935 /* UserProfileView.swift */ = {isa = PBXFileReference; lastKnownFileType = sourcecode.swift; path = UserProfileView.swift; sourceTree = "<group>"; };
		3D185D932D0306F8009A4935 /* CurrentUserProfile.swift */ = {isa = PBXFileReference; lastKnownFileType = sourcecode.swift; path = CurrentUserProfile.swift; sourceTree = "<group>"; };
		3D185D952D030740009A4935 /* CurrentUserProfileHeaderView.swift */ = {isa = PBXFileReference; lastKnownFileType = sourcecode.swift; path = CurrentUserProfileHeaderView.swift; sourceTree = "<group>"; };
		3D185D9A2D03108F009A4935 /* EditProfileView.swift */ = {isa = PBXFileReference; lastKnownFileType = sourcecode.swift; path = EditProfileView.swift; sourceTree = "<group>"; };
		3D185D9C2D0311B9009A4935 /* ProfileImageGridView.swift */ = {isa = PBXFileReference; lastKnownFileType = sourcecode.swift; path = ProfileImageGridView.swift; sourceTree = "<group>"; };
		3D185DA22D03184E009A4935 /* UserMatchView.swift */ = {isa = PBXFileReference; lastKnownFileType = sourcecode.swift; path = UserMatchView.swift; sourceTree = "<group>"; };
		3D185DA52D031B77009A4935 /* MatchManager.swift */ = {isa = PBXFileReference; lastKnownFileType = sourcecode.swift; path = MatchManager.swift; sourceTree = "<group>"; };
		3D185DBE2D0329E9009A4935 /* Container.swift */ = {isa = PBXFileReference; lastKnownFileType = sourcecode.swift; path = Container.swift; sourceTree = "<group>"; };
		3D185DC32D032A37009A4935 /* CreateUserDTO.swift */ = {isa = PBXFileReference; lastKnownFileType = sourcecode.swift; path = CreateUserDTO.swift; sourceTree = "<group>"; };
		3D185DC52D032A4C009A4935 /* UpdateUserDTO.swift */ = {isa = PBXFileReference; lastKnownFileType = sourcecode.swift; path = UpdateUserDTO.swift; sourceTree = "<group>"; };
		3D185DC72D032A61009A4935 /* UserDTO.swift */ = {isa = PBXFileReference; lastKnownFileType = sourcecode.swift; path = UserDTO.swift; sourceTree = "<group>"; };
		3D185DC92D032A8A009A4935 /* CreateUserDTO+Dictionary.swift */ = {isa = PBXFileReference; lastKnownFileType = sourcecode.swift; path = "CreateUserDTO+Dictionary.swift"; sourceTree = "<group>"; };
		3D185DCB2D032AA8009A4935 /* UpdateUserDTO+Dictionary.swift */ = {isa = PBXFileReference; lastKnownFileType = sourcecode.swift; path = "UpdateUserDTO+Dictionary.swift"; sourceTree = "<group>"; };
		3D185DCD2D032D61009A4935 /* UserDataSource.swift */ = {isa = PBXFileReference; lastKnownFileType = sourcecode.swift; path = UserDataSource.swift; sourceTree = "<group>"; };
		3D185DCF2D032D9B009A4935 /* AuthenticationDataSource.swift */ = {isa = PBXFileReference; lastKnownFileType = sourcecode.swift; path = AuthenticationDataSource.swift; sourceTree = "<group>"; };
		3D185DD12D032DBB009A4935 /* StorageFilesDataSource.swift */ = {isa = PBXFileReference; lastKnownFileType = sourcecode.swift; path = StorageFilesDataSource.swift; sourceTree = "<group>"; };
		3D185DD32D032DF3009A4935 /* FirestoreUserDataSourceImpl.swift */ = {isa = PBXFileReference; lastKnownFileType = sourcecode.swift; path = FirestoreUserDataSourceImpl.swift; sourceTree = "<group>"; };
		3D185DD52D032E51009A4935 /* FirebaseAuthenticationDataSourceImpl.swift */ = {isa = PBXFileReference; lastKnownFileType = sourcecode.swift; path = FirebaseAuthenticationDataSourceImpl.swift; sourceTree = "<group>"; };
		3D185DD72D032E72009A4935 /* FirestoreStorageFilesDataSourceImpl.swift */ = {isa = PBXFileReference; lastKnownFileType = sourcecode.swift; path = FirestoreStorageFilesDataSourceImpl.swift; sourceTree = "<group>"; };
		3D185DD92D033071009A4935 /* Birthdate.swift */ = {isa = PBXFileReference; lastKnownFileType = sourcecode.swift; path = Birthdate.swift; sourceTree = "<group>"; };
		3D185DDB2D033084009A4935 /* Country.swift */ = {isa = PBXFileReference; lastKnownFileType = sourcecode.swift; path = Country.swift; sourceTree = "<group>"; };
		3D185DDD2D0330CE009A4935 /* Mapper.swift */ = {isa = PBXFileReference; lastKnownFileType = sourcecode.swift; path = Mapper.swift; sourceTree = "<group>"; };
		3D185DE02D0330EC009A4935 /* UserMapper.swift */ = {isa = PBXFileReference; lastKnownFileType = sourcecode.swift; path = UserMapper.swift; sourceTree = "<group>"; };
		3D185DE22D033144009A4935 /* UserProfileRepository.swift */ = {isa = PBXFileReference; lastKnownFileType = sourcecode.swift; path = UserProfileRepository.swift; sourceTree = "<group>"; };
		3D185DE42D033170009A4935 /* AuthenticationRepository.swift */ = {isa = PBXFileReference; lastKnownFileType = sourcecode.swift; path = AuthenticationRepository.swift; sourceTree = "<group>"; };
		3D185DE72D033198009A4935 /* UserProfileRepositoryImpl.swift */ = {isa = PBXFileReference; lastKnownFileType = sourcecode.swift; path = UserProfileRepositoryImpl.swift; sourceTree = "<group>"; };
		3D185DE92D0331FC009A4935 /* AuthenticationRepositoryImpl.swift */ = {isa = PBXFileReference; lastKnownFileType = sourcecode.swift; path = AuthenticationRepositoryImpl.swift; sourceTree = "<group>"; };
		3D185DEC2D0332C9009A4935 /* EventBus.swift */ = {isa = PBXFileReference; lastKnownFileType = sourcecode.swift; path = EventBus.swift; sourceTree = "<group>"; };
		3D185DEE2D0332E1009A4935 /* BaseViewModel.swift */ = {isa = PBXFileReference; lastKnownFileType = sourcecode.swift; path = BaseViewModel.swift; sourceTree = "<group>"; };
		3D185DF02D0332F8009A4935 /* BaseUserViewModel.swift */ = {isa = PBXFileReference; lastKnownFileType = sourcecode.swift; path = BaseUserViewModel.swift; sourceTree = "<group>"; };
		3D185DF22D033313009A4935 /* BaseAuthViewModel.swift */ = {isa = PBXFileReference; lastKnownFileType = sourcecode.swift; path = BaseAuthViewModel.swift; sourceTree = "<group>"; };
		3D185DF42D033335009A4935 /* VerifyUsernameAvailabilityUseCase.swift */ = {isa = PBXFileReference; lastKnownFileType = sourcecode.swift; path = VerifyUsernameAvailabilityUseCase.swift; sourceTree = "<group>"; };
		3D185DF62D03334A009A4935 /* VerifySessionUseCase.swift */ = {isa = PBXFileReference; lastKnownFileType = sourcecode.swift; path = VerifySessionUseCase.swift; sourceTree = "<group>"; };
		3D185DF82D033364009A4935 /* SignOutUseCase.swift */ = {isa = PBXFileReference; lastKnownFileType = sourcecode.swift; path = SignOutUseCase.swift; sourceTree = "<group>"; };
		3D185DFA2D033378009A4935 /* SignInUseCase.swift */ = {isa = PBXFileReference; lastKnownFileType = sourcecode.swift; path = SignInUseCase.swift; sourceTree = "<group>"; };
		3D185DFC2D0333A3009A4935 /* SendOtpUseCase.swift */ = {isa = PBXFileReference; lastKnownFileType = sourcecode.swift; path = SendOtpUseCase.swift; sourceTree = "<group>"; };
		3D185DFE2D0333C0009A4935 /* GetCurrentUserUseCase.swift */ = {isa = PBXFileReference; lastKnownFileType = sourcecode.swift; path = GetCurrentUserUseCase.swift; sourceTree = "<group>"; };
		3D185E002D0333FC009A4935 /* GetSuggestionsUseCase.swift */ = {isa = PBXFileReference; lastKnownFileType = sourcecode.swift; path = GetSuggestionsUseCase.swift; sourceTree = "<group>"; };
		3D185E022D03341D009A4935 /* SignUpUseCase.swift */ = {isa = PBXFileReference; lastKnownFileType = sourcecode.swift; path = SignUpUseCase.swift; sourceTree = "<group>"; };
		3D185E042D033443009A4935 /* UpdateUserUseCase.swift */ = {isa = PBXFileReference; lastKnownFileType = sourcecode.swift; path = UpdateUserUseCase.swift; sourceTree = "<group>"; };
		3DC37E142CF78F6200E7FB1B /* Passionfy.app */ = {isa = PBXFileReference; explicitFileType = wrapper.application; includeInIndex = 0; path = Passionfy.app; sourceTree = BUILT_PRODUCTS_DIR; };
		3DC37E172CF78F6200E7FB1B /* PassionfyApp.swift */ = {isa = PBXFileReference; lastKnownFileType = sourcecode.swift; path = PassionfyApp.swift; sourceTree = "<group>"; };
		3DC37E1B2CF78F6500E7FB1B /* Assets.xcassets */ = {isa = PBXFileReference; lastKnownFileType = folder.assetcatalog; path = Assets.xcassets; sourceTree = "<group>"; };
		3DC37E1E2CF78F6500E7FB1B /* Preview Assets.xcassets */ = {isa = PBXFileReference; lastKnownFileType = folder.assetcatalog; path = "Preview Assets.xcassets"; sourceTree = "<group>"; };
		3DC37E2F2CF7902C00E7FB1B /* MainTabBar.swift */ = {isa = PBXFileReference; lastKnownFileType = sourcecode.swift; path = MainTabBar.swift; sourceTree = "<group>"; };
		3DC37E322CF792C600E7FB1B /* CardView.swift */ = {isa = PBXFileReference; lastKnownFileType = sourcecode.swift; path = CardView.swift; sourceTree = "<group>"; };
		3DC37E342CF7943C00E7FB1B /* UserInfoView.swift */ = {isa = PBXFileReference; lastKnownFileType = sourcecode.swift; path = UserInfoView.swift; sourceTree = "<group>"; };
		3DC37E362CF79A8E00E7FB1B /* SwipeActionIndicatorView.swift */ = {isa = PBXFileReference; lastKnownFileType = sourcecode.swift; path = SwipeActionIndicatorView.swift; sourceTree = "<group>"; };
		3DC37E392CF79D2400E7FB1B /* SizeConstants.swift */ = {isa = PBXFileReference; lastKnownFileType = sourcecode.swift; path = SizeConstants.swift; sourceTree = "<group>"; };
		3DC37E3B2CF79E5D00E7FB1B /* ImageScrollingOverlay.swift */ = {isa = PBXFileReference; lastKnownFileType = sourcecode.swift; path = ImageScrollingOverlay.swift; sourceTree = "<group>"; };
		3DC37E3D2CF7A2F300E7FB1B /* CardImageIndicatorView.swift */ = {isa = PBXFileReference; lastKnownFileType = sourcecode.swift; path = CardImageIndicatorView.swift; sourceTree = "<group>"; };
		3DC37E3F2CF7A61400E7FB1B /* CardStackView.swift */ = {isa = PBXFileReference; lastKnownFileType = sourcecode.swift; path = CardStackView.swift; sourceTree = "<group>"; };
		3DC37E432CF7A8A200E7FB1B /* User.swift */ = {isa = PBXFileReference; lastKnownFileType = sourcecode.swift; path = User.swift; sourceTree = "<group>"; };
		3DC37E462CF7A90C00E7FB1B /* CardModel.swift */ = {isa = PBXFileReference; lastKnownFileType = sourcecode.swift; path = CardModel.swift; sourceTree = "<group>"; };
		3DC37E492CF7A94400E7FB1B /* CardsViewModel.swift */ = {isa = PBXFileReference; lastKnownFileType = sourcecode.swift; path = CardsViewModel.swift; sourceTree = "<group>"; };
		3DC37E4C2CF7A9B000E7FB1B /* CardService.swift */ = {isa = PBXFileReference; lastKnownFileType = sourcecode.swift; path = CardService.swift; sourceTree = "<group>"; };
		3DC37E4F2CF7AA7E00E7FB1B /* MockData.swift */ = {isa = PBXFileReference; lastKnownFileType = sourcecode.swift; path = MockData.swift; sourceTree = "<group>"; };
		3DC37E512CF7B66200E7FB1B /* SwipeActionButtonsView.swift */ = {isa = PBXFileReference; lastKnownFileType = sourcecode.swift; path = SwipeActionButtonsView.swift; sourceTree = "<group>"; };
		3DC37E532CF7B7B900E7FB1B /* SwipeAction.swift */ = {isa = PBXFileReference; lastKnownFileType = sourcecode.swift; path = SwipeAction.swift; sourceTree = "<group>"; };
/* End PBXFileReference section */

/* Begin PBXFrameworksBuildPhase section */
		3DC37E112CF78F6200E7FB1B /* Frameworks */ = {
			isa = PBXFrameworksBuildPhase;
			buildActionMask = 2147483647;
			files = (
				3DC9D0AC2D033A2F00F41DED /* Kingfisher in Frameworks */,
				3D185DBB2D0329B8009A4935 /* FirebaseFirestoreSwift in Frameworks */,
				3D185DB92D0329B8009A4935 /* FirebaseFirestore in Frameworks */,
				3D185DB72D0329B8009A4935 /* FirebaseAuth in Frameworks */,
				3D185DB42D03285D009A4935 /* Factory in Frameworks */,
				3D185DBD2D0329B8009A4935 /* FirebaseStorage in Frameworks */,
			);
			runOnlyForDeploymentPostprocessing = 0;
		};
/* End PBXFrameworksBuildPhase section */

/* Begin PBXGroup section */
		3D185D912D0306CB009A4935 /* UserProfile */ = {
			isa = PBXGroup;
			children = (
				3D185D8F2D03025B009A4935 /* UserProfileView.swift */,
			);
			path = UserProfile;
			sourceTree = "<group>";
		};
		3D185D922D0306E0009A4935 /* CurrentUserProfile */ = {
			isa = PBXGroup;
			children = (
				3D185D932D0306F8009A4935 /* CurrentUserProfile.swift */,
				3D185D952D030740009A4935 /* CurrentUserProfileHeaderView.swift */,
			);
			path = CurrentUserProfile;
			sourceTree = "<group>";
		};
		3D185D972D031069009A4935 /* EditProfile */ = {
			isa = PBXGroup;
			children = (
				3D185D9A2D03108F009A4935 /* EditProfileView.swift */,
				3D185D9C2D0311B9009A4935 /* ProfileImageGridView.swift */,
			);
			path = EditProfile;
			sourceTree = "<group>";
		};
		3D185D9E2D0317F9009A4935 /* Matches */ = {
			isa = PBXGroup;
			children = (
				3D185DA42D031B6B009A4935 /* Manager */,
				3D185D9F2D031805009A4935 /* View */,
			);
			path = Matches;
			sourceTree = "<group>";
		};
		3D185D9F2D031805009A4935 /* View */ = {
			isa = PBXGroup;
			children = (
				3D185DA22D03184E009A4935 /* UserMatchView.swift */,
			);
			path = View;
			sourceTree = "<group>";
		};
		3D185DA42D031B6B009A4935 /* Manager */ = {
			isa = PBXGroup;
			children = (
				3D185DA52D031B77009A4935 /* MatchManager.swift */,
			);
			path = Manager;
			sourceTree = "<group>";
		};
		3D185DA72D03265E009A4935 /* DI */ = {
			isa = PBXGroup;
			children = (
				3D185DBE2D0329E9009A4935 /* Container.swift */,
			);
			path = DI;
			sourceTree = "<group>";
		};
		3D185DA82D03266B009A4935 /* DataSources */ = {
			isa = PBXGroup;
			children = (
				3D185DC12D032A12009A4935 /* Extensions */,
				3D185DC02D032A0E009A4935 /* DTO */,
				3D185DC22D032A29009A4935 /* Impl */,
				3D185DCD2D032D61009A4935 /* UserDataSource.swift */,
				3D185DCF2D032D9B009A4935 /* AuthenticationDataSource.swift */,
				3D185DD12D032DBB009A4935 /* StorageFilesDataSource.swift */,
			);
			path = DataSources;
			sourceTree = "<group>";
		};
		3D185DA92D03267D009A4935 /* Mapper */ = {
			isa = PBXGroup;
			children = (
				3D185DDF2D0330E4009A4935 /* Impl */,
				3D185DDD2D0330CE009A4935 /* Mapper.swift */,
			);
			path = Mapper;
			sourceTree = "<group>";
		};
		3D185DAA2D032687009A4935 /* Model */ = {
			isa = PBXGroup;
			children = (
				3DC37E432CF7A8A200E7FB1B /* User.swift */,
				3D185DD92D033071009A4935 /* Birthdate.swift */,
				3D185DDB2D033084009A4935 /* Country.swift */,
			);
			path = Model;
			sourceTree = "<group>";
		};
		3D185DAB2D032690009A4935 /* Repositories */ = {
			isa = PBXGroup;
			children = (
				3D185DE62D03318F009A4935 /* Impl */,
				3D185DE22D033144009A4935 /* UserProfileRepository.swift */,
				3D185DE42D033170009A4935 /* AuthenticationRepository.swift */,
			);
			path = Repositories;
			sourceTree = "<group>";
		};
		3D185DAC2D03269A009A4935 /* UseCases */ = {
			isa = PBXGroup;
			children = (
				3D185DF42D033335009A4935 /* VerifyUsernameAvailabilityUseCase.swift */,
				3D185DF62D03334A009A4935 /* VerifySessionUseCase.swift */,
				3D185DF82D033364009A4935 /* SignOutUseCase.swift */,
				3D185DFA2D033378009A4935 /* SignInUseCase.swift */,
				3D185DFC2D0333A3009A4935 /* SendOtpUseCase.swift */,
				3D185DFE2D0333C0009A4935 /* GetCurrentUserUseCase.swift */,
				3D185E002D0333FC009A4935 /* GetSuggestionsUseCase.swift */,
				3D185E022D03341D009A4935 /* SignUpUseCase.swift */,
				3D185E042D033443009A4935 /* UpdateUserUseCase.swift */,
			);
			path = UseCases;
			sourceTree = "<group>";
		};
		3D185DAD2D0326A9009A4935 /* View */ = {
			isa = PBXGroup;
			children = (
				3DC37E2B2CF78FDF00E7FB1B /* Search */,
				3DC37E2C2CF78FE800E7FB1B /* Messaging */,
				3D185D9E2D0317F9009A4935 /* Matches */,
				3DC37E2A2CF78FD600E7FB1B /* Cards */,
				3DC37E2D2CF78FF000E7FB1B /* Profile */,
				3DC37E2E2CF78FFA00E7FB1B /* TabBar */,
			);
			path = View;
			sourceTree = "<group>";
		};
		3D185DAE2D0326B1009A4935 /* ViewModel */ = {
			isa = PBXGroup;
			children = (
				3D185DEB2D0332BE009A4935 /* Core */,
			);
			path = ViewModel;
			sourceTree = "<group>";
		};
		3D185DC02D032A0E009A4935 /* DTO */ = {
			isa = PBXGroup;
			children = (
				3D185DC32D032A37009A4935 /* CreateUserDTO.swift */,
				3D185DC52D032A4C009A4935 /* UpdateUserDTO.swift */,
				3D185DC72D032A61009A4935 /* UserDTO.swift */,
			);
			path = DTO;
			sourceTree = "<group>";
		};
		3D185DC12D032A12009A4935 /* Extensions */ = {
			isa = PBXGroup;
			children = (
				3D185DC92D032A8A009A4935 /* CreateUserDTO+Dictionary.swift */,
				3D185DCB2D032AA8009A4935 /* UpdateUserDTO+Dictionary.swift */,
			);
			path = Extensions;
			sourceTree = "<group>";
		};
		3D185DC22D032A29009A4935 /* Impl */ = {
			isa = PBXGroup;
			children = (
				3D185DD32D032DF3009A4935 /* FirestoreUserDataSourceImpl.swift */,
				3D185DD52D032E51009A4935 /* FirebaseAuthenticationDataSourceImpl.swift */,
				3D185DD72D032E72009A4935 /* FirestoreStorageFilesDataSourceImpl.swift */,
			);
			path = Impl;
			sourceTree = "<group>";
		};
		3D185DDF2D0330E4009A4935 /* Impl */ = {
			isa = PBXGroup;
			children = (
				3D185DE02D0330EC009A4935 /* UserMapper.swift */,
			);
			path = Impl;
			sourceTree = "<group>";
		};
		3D185DE62D03318F009A4935 /* Impl */ = {
			isa = PBXGroup;
			children = (
				3D185DE72D033198009A4935 /* UserProfileRepositoryImpl.swift */,
				3D185DE92D0331FC009A4935 /* AuthenticationRepositoryImpl.swift */,
			);
			path = Impl;
			sourceTree = "<group>";
		};
		3D185DEB2D0332BE009A4935 /* Core */ = {
			isa = PBXGroup;
			children = (
				3D185DEC2D0332C9009A4935 /* EventBus.swift */,
				3D185DEE2D0332E1009A4935 /* BaseViewModel.swift */,
				3D185DF02D0332F8009A4935 /* BaseUserViewModel.swift */,
				3D185DF22D033313009A4935 /* BaseAuthViewModel.swift */,
			);
			path = Core;
			sourceTree = "<group>";
		};
		3DC37E0B2CF78F6200E7FB1B = {
			isa = PBXGroup;
			children = (
				3DC37E162CF78F6200E7FB1B /* Passionfy */,
				3DC37E152CF78F6200E7FB1B /* Products */,
			);
			sourceTree = "<group>";
		};
		3DC37E152CF78F6200E7FB1B /* Products */ = {
			isa = PBXGroup;
			children = (
				3DC37E142CF78F6200E7FB1B /* Passionfy.app */,
			);
			name = Products;
			sourceTree = "<group>";
		};
		3DC37E162CF78F6200E7FB1B /* Passionfy */ = {
			isa = PBXGroup;
			children = (
				3D185DA72D03265E009A4935 /* DI */,
				3D185DA82D03266B009A4935 /* DataSources */,
				3D185DA92D03267D009A4935 /* Mapper */,
				3DC37E272CF78FAA00E7FB1B /* Extensions */,
				3D185DAB2D032690009A4935 /* Repositories */,
				3D185DAA2D032687009A4935 /* Model */,
				3D185DAC2D03269A009A4935 /* UseCases */,
				3D185DAD2D0326A9009A4935 /* View */,
				3D185DAE2D0326B1009A4935 /* ViewModel */,
				3DC37E292CF78FBB00E7FB1B /* Utils */,
				3DC37E252CF78F9900E7FB1B /* App */,
				3DC37E1B2CF78F6500E7FB1B /* Assets.xcassets */,
				3DC37E1D2CF78F6500E7FB1B /* Preview Content */,
			);
			path = Passionfy;
			sourceTree = "<group>";
		};
		3DC37E1D2CF78F6500E7FB1B /* Preview Content */ = {
			isa = PBXGroup;
			children = (
				3DC37E1E2CF78F6500E7FB1B /* Preview Assets.xcassets */,
			);
			path = "Preview Content";
			sourceTree = "<group>";
		};
		3DC37E252CF78F9900E7FB1B /* App */ = {
			isa = PBXGroup;
			children = (
				3DC37E172CF78F6200E7FB1B /* PassionfyApp.swift */,
			);
			path = App;
			sourceTree = "<group>";
		};
		3DC37E272CF78FAA00E7FB1B /* Extensions */ = {
			isa = PBXGroup;
			children = (
			);
			path = Extensions;
			sourceTree = "<group>";
		};
		3DC37E292CF78FBB00E7FB1B /* Utils */ = {
			isa = PBXGroup;
			children = (
				3DC37E4E2CF7AA6F00E7FB1B /* MockData */,
				3DC37E382CF79D1000E7FB1B /* Constants */,
			);
			path = Utils;
			sourceTree = "<group>";
		};
		3DC37E2A2CF78FD600E7FB1B /* Cards */ = {
			isa = PBXGroup;
			children = (
				3DC37E4B2CF7A9A000E7FB1B /* Service */,
				3DC37E482CF7A93200E7FB1B /* ViewModel */,
				3DC37E452CF7A8F800E7FB1B /* Model */,
				3DC37E312CF792AB00E7FB1B /* View */,
			);
			path = Cards;
			sourceTree = "<group>";
		};
		3DC37E2B2CF78FDF00E7FB1B /* Search */ = {
			isa = PBXGroup;
			children = (
			);
			path = Search;
			sourceTree = "<group>";
		};
		3DC37E2C2CF78FE800E7FB1B /* Messaging */ = {
			isa = PBXGroup;
			children = (
			);
			path = Messaging;
			sourceTree = "<group>";
		};
		3DC37E2D2CF78FF000E7FB1B /* Profile */ = {
			isa = PBXGroup;
			children = (
				3D185D972D031069009A4935 /* EditProfile */,
				3D185D922D0306E0009A4935 /* CurrentUserProfile */,
				3D185D912D0306CB009A4935 /* UserProfile */,
			);
			path = Profile;
			sourceTree = "<group>";
		};
		3DC37E2E2CF78FFA00E7FB1B /* TabBar */ = {
			isa = PBXGroup;
			children = (
				3DC37E2F2CF7902C00E7FB1B /* MainTabBar.swift */,
			);
			path = TabBar;
			sourceTree = "<group>";
		};
		3DC37E312CF792AB00E7FB1B /* View */ = {
			isa = PBXGroup;
			children = (
				3DC37E3B2CF79E5D00E7FB1B /* ImageScrollingOverlay.swift */,
				3DC37E322CF792C600E7FB1B /* CardView.swift */,
				3DC37E342CF7943C00E7FB1B /* UserInfoView.swift */,
				3DC37E362CF79A8E00E7FB1B /* SwipeActionIndicatorView.swift */,
				3DC37E3D2CF7A2F300E7FB1B /* CardImageIndicatorView.swift */,
				3DC37E3F2CF7A61400E7FB1B /* CardStackView.swift */,
				3DC37E512CF7B66200E7FB1B /* SwipeActionButtonsView.swift */,
			);
			path = View;
			sourceTree = "<group>";
		};
		3DC37E382CF79D1000E7FB1B /* Constants */ = {
			isa = PBXGroup;
			children = (
				3DC37E392CF79D2400E7FB1B /* SizeConstants.swift */,
			);
			path = Constants;
			sourceTree = "<group>";
		};
		3DC37E452CF7A8F800E7FB1B /* Model */ = {
			isa = PBXGroup;
			children = (
				3DC37E462CF7A90C00E7FB1B /* CardModel.swift */,
				3DC37E532CF7B7B900E7FB1B /* SwipeAction.swift */,
			);
			path = Model;
			sourceTree = "<group>";
		};
		3DC37E482CF7A93200E7FB1B /* ViewModel */ = {
			isa = PBXGroup;
			children = (
				3DC37E492CF7A94400E7FB1B /* CardsViewModel.swift */,
			);
			path = ViewModel;
			sourceTree = "<group>";
		};
		3DC37E4B2CF7A9A000E7FB1B /* Service */ = {
			isa = PBXGroup;
			children = (
				3DC37E4C2CF7A9B000E7FB1B /* CardService.swift */,
			);
			path = Service;
			sourceTree = "<group>";
		};
		3DC37E4E2CF7AA6F00E7FB1B /* MockData */ = {
			isa = PBXGroup;
			children = (
				3DC37E4F2CF7AA7E00E7FB1B /* MockData.swift */,
			);
			path = MockData;
			sourceTree = "<group>";
		};
/* End PBXGroup section */

/* Begin PBXNativeTarget section */
		3DC37E132CF78F6200E7FB1B /* Passionfy */ = {
			isa = PBXNativeTarget;
			buildConfigurationList = 3DC37E222CF78F6500E7FB1B /* Build configuration list for PBXNativeTarget "Passionfy" */;
			buildPhases = (
				3DC37E102CF78F6200E7FB1B /* Sources */,
				3DC37E112CF78F6200E7FB1B /* Frameworks */,
				3DC37E122CF78F6200E7FB1B /* Resources */,
			);
			buildRules = (
			);
			dependencies = (
			);
			name = Passionfy;
			packageProductDependencies = (
				3D185DB32D03285D009A4935 /* Factory */,
				3D185DB62D0329B8009A4935 /* FirebaseAuth */,
				3D185DB82D0329B8009A4935 /* FirebaseFirestore */,
				3D185DBA2D0329B8009A4935 /* FirebaseFirestoreSwift */,
				3D185DBC2D0329B8009A4935 /* FirebaseStorage */,
				3DC9D0AB2D033A2F00F41DED /* Kingfisher */,
			);
			productName = Passionfy;
			productReference = 3DC37E142CF78F6200E7FB1B /* Passionfy.app */;
			productType = "com.apple.product-type.application";
		};
/* End PBXNativeTarget section */

/* Begin PBXProject section */
		3DC37E0C2CF78F6200E7FB1B /* Project object */ = {
			isa = PBXProject;
			attributes = {
				BuildIndependentTargetsInParallel = 1;
				LastSwiftUpdateCheck = 1430;
				LastUpgradeCheck = 1430;
				TargetAttributes = {
					3DC37E132CF78F6200E7FB1B = {
						CreatedOnToolsVersion = 14.3.1;
					};
				};
			};
			buildConfigurationList = 3DC37E0F2CF78F6200E7FB1B /* Build configuration list for PBXProject "Passionfy" */;
			compatibilityVersion = "Xcode 14.0";
			developmentRegion = en;
			hasScannedForEncodings = 0;
			knownRegions = (
				en,
				Base,
			);
			mainGroup = 3DC37E0B2CF78F6200E7FB1B;
			packageReferences = (
				3D185DB22D03285D009A4935 /* XCRemoteSwiftPackageReference "Factory" */,
				3D185DB52D0329B8009A4935 /* XCRemoteSwiftPackageReference "firebase-ios-sdk" */,
				3DC9D0AA2D033A2F00F41DED /* XCRemoteSwiftPackageReference "Kingfisher" */,
			);
			productRefGroup = 3DC37E152CF78F6200E7FB1B /* Products */;
			projectDirPath = "";
			projectRoot = "";
			targets = (
				3DC37E132CF78F6200E7FB1B /* Passionfy */,
			);
		};
/* End PBXProject section */

/* Begin PBXResourcesBuildPhase section */
		3DC37E122CF78F6200E7FB1B /* Resources */ = {
			isa = PBXResourcesBuildPhase;
			buildActionMask = 2147483647;
			files = (
				3DC37E1F2CF78F6500E7FB1B /* Preview Assets.xcassets in Resources */,
				3DC37E1C2CF78F6500E7FB1B /* Assets.xcassets in Resources */,
			);
			runOnlyForDeploymentPostprocessing = 0;
		};
/* End PBXResourcesBuildPhase section */

/* Begin PBXSourcesBuildPhase section */
		3DC37E102CF78F6200E7FB1B /* Sources */ = {
			isa = PBXSourcesBuildPhase;
			buildActionMask = 2147483647;
			files = (
				3D185DCC2D032AA8009A4935 /* UpdateUserDTO+Dictionary.swift in Sources */,
				3D185DED2D0332C9009A4935 /* EventBus.swift in Sources */,
				3D185DDC2D033084009A4935 /* Country.swift in Sources */,
				3D185DD62D032E51009A4935 /* FirebaseAuthenticationDataSourceImpl.swift in Sources */,
				3D185D9B2D03108F009A4935 /* EditProfileView.swift in Sources */,
				3DC37E3C2CF79E5D00E7FB1B /* ImageScrollingOverlay.swift in Sources */,
				3D185D902D03025B009A4935 /* UserProfileView.swift in Sources */,
				3D185DF92D033364009A4935 /* SignOutUseCase.swift in Sources */,
				3D185DE32D033144009A4935 /* UserProfileRepository.swift in Sources */,
				3D185DF32D033313009A4935 /* BaseAuthViewModel.swift in Sources */,
				3D185DE12D0330EC009A4935 /* UserMapper.swift in Sources */,
				3D185DDA2D033071009A4935 /* Birthdate.swift in Sources */,
				3DC37E4D2CF7A9B000E7FB1B /* CardService.swift in Sources */,
				3DC37E302CF7902C00E7FB1B /* MainTabBar.swift in Sources */,
				3D185D962D030740009A4935 /* CurrentUserProfileHeaderView.swift in Sources */,
				3DC37E372CF79A8E00E7FB1B /* SwipeActionIndicatorView.swift in Sources */,
				3D185DC62D032A4C009A4935 /* UpdateUserDTO.swift in Sources */,
				3DC37E502CF7AA7E00E7FB1B /* MockData.swift in Sources */,
				3D185DEA2D0331FC009A4935 /* AuthenticationRepositoryImpl.swift in Sources */,
				3D185DD22D032DBB009A4935 /* StorageFilesDataSource.swift in Sources */,
				3DC37E542CF7B7B900E7FB1B /* SwipeAction.swift in Sources */,
				3DC37E3E2CF7A2F300E7FB1B /* CardImageIndicatorView.swift in Sources */,
				3DC37E522CF7B66200E7FB1B /* SwipeActionButtonsView.swift in Sources */,
				3DC37E472CF7A90C00E7FB1B /* CardModel.swift in Sources */,
				3D185DDE2D0330CE009A4935 /* Mapper.swift in Sources */,
				3D185DA62D031B77009A4935 /* MatchManager.swift in Sources */,
				3D185DD82D032E72009A4935 /* FirestoreStorageFilesDataSourceImpl.swift in Sources */,
				3D185DE52D033170009A4935 /* AuthenticationRepository.swift in Sources */,
				3D185DFF2D0333C0009A4935 /* GetCurrentUserUseCase.swift in Sources */,
				3D185DF52D033335009A4935 /* VerifyUsernameAvailabilityUseCase.swift in Sources */,
				3D185E012D0333FC009A4935 /* GetSuggestionsUseCase.swift in Sources */,
				3D185DE82D033198009A4935 /* UserProfileRepositoryImpl.swift in Sources */,
				3D185DBF2D0329E9009A4935 /* Container.swift in Sources */,
				3D185DC82D032A61009A4935 /* UserDTO.swift in Sources */,
				3D185DA32D03184E009A4935 /* UserMatchView.swift in Sources */,
				3DC37E402CF7A61400E7FB1B /* CardStackView.swift in Sources */,
				3D185DC42D032A37009A4935 /* CreateUserDTO.swift in Sources */,
				3D185D9D2D0311B9009A4935 /* ProfileImageGridView.swift in Sources */,
				3DC37E332CF792C600E7FB1B /* CardView.swift in Sources */,
				3DC37E3A2CF79D2400E7FB1B /* SizeConstants.swift in Sources */,
				3D185DCE2D032D61009A4935 /* UserDataSource.swift in Sources */,
				3DC37E182CF78F6200E7FB1B /* PassionfyApp.swift in Sources */,
				3D185D942D0306F8009A4935 /* CurrentUserProfile.swift in Sources */,
				3D185E032D03341D009A4935 /* SignUpUseCase.swift in Sources */,
				3D185DFD2D0333A3009A4935 /* SendOtpUseCase.swift in Sources */,
				3D185E052D033443009A4935 /* UpdateUserUseCase.swift in Sources */,
				3D185DFB2D033378009A4935 /* SignInUseCase.swift in Sources */,
				3D185DCA2D032A8A009A4935 /* CreateUserDTO+Dictionary.swift in Sources */,
				3D185DF72D03334A009A4935 /* VerifySessionUseCase.swift in Sources */,
				3DC37E4A2CF7A94400E7FB1B /* CardsViewModel.swift in Sources */,
				3D185DF12D0332F8009A4935 /* BaseUserViewModel.swift in Sources */,
				3D185DD02D032D9B009A4935 /* AuthenticationDataSource.swift in Sources */,
				3D185DEF2D0332E1009A4935 /* BaseViewModel.swift in Sources */,
				3D185DD42D032DF3009A4935 /* FirestoreUserDataSourceImpl.swift in Sources */,
				3DC37E352CF7943C00E7FB1B /* UserInfoView.swift in Sources */,
				3DC37E442CF7A8A200E7FB1B /* User.swift in Sources */,
			);
			runOnlyForDeploymentPostprocessing = 0;
		};
/* End PBXSourcesBuildPhase section */

/* Begin XCBuildConfiguration section */
		3DC37E202CF78F6500E7FB1B /* Debug */ = {
			isa = XCBuildConfiguration;
			buildSettings = {
				ALWAYS_SEARCH_USER_PATHS = NO;
				CLANG_ANALYZER_NONNULL = YES;
				CLANG_ANALYZER_NUMBER_OBJECT_CONVERSION = YES_AGGRESSIVE;
				CLANG_CXX_LANGUAGE_STANDARD = "gnu++20";
				CLANG_ENABLE_MODULES = YES;
				CLANG_ENABLE_OBJC_ARC = YES;
				CLANG_ENABLE_OBJC_WEAK = YES;
				CLANG_WARN_BLOCK_CAPTURE_AUTORELEASING = YES;
				CLANG_WARN_BOOL_CONVERSION = YES;
				CLANG_WARN_COMMA = YES;
				CLANG_WARN_CONSTANT_CONVERSION = YES;
				CLANG_WARN_DEPRECATED_OBJC_IMPLEMENTATIONS = YES;
				CLANG_WARN_DIRECT_OBJC_ISA_USAGE = YES_ERROR;
				CLANG_WARN_DOCUMENTATION_COMMENTS = YES;
				CLANG_WARN_EMPTY_BODY = YES;
				CLANG_WARN_ENUM_CONVERSION = YES;
				CLANG_WARN_INFINITE_RECURSION = YES;
				CLANG_WARN_INT_CONVERSION = YES;
				CLANG_WARN_NON_LITERAL_NULL_CONVERSION = YES;
				CLANG_WARN_OBJC_IMPLICIT_RETAIN_SELF = YES;
				CLANG_WARN_OBJC_LITERAL_CONVERSION = YES;
				CLANG_WARN_OBJC_ROOT_CLASS = YES_ERROR;
				CLANG_WARN_QUOTED_INCLUDE_IN_FRAMEWORK_HEADER = YES;
				CLANG_WARN_RANGE_LOOP_ANALYSIS = YES;
				CLANG_WARN_STRICT_PROTOTYPES = YES;
				CLANG_WARN_SUSPICIOUS_MOVE = YES;
				CLANG_WARN_UNGUARDED_AVAILABILITY = YES_AGGRESSIVE;
				CLANG_WARN_UNREACHABLE_CODE = YES;
				CLANG_WARN__DUPLICATE_METHOD_MATCH = YES;
				COPY_PHASE_STRIP = NO;
				DEBUG_INFORMATION_FORMAT = dwarf;
				ENABLE_STRICT_OBJC_MSGSEND = YES;
				ENABLE_TESTABILITY = YES;
				GCC_C_LANGUAGE_STANDARD = gnu11;
				GCC_DYNAMIC_NO_PIC = NO;
				GCC_NO_COMMON_BLOCKS = YES;
				GCC_OPTIMIZATION_LEVEL = 0;
				GCC_PREPROCESSOR_DEFINITIONS = (
					"DEBUG=1",
					"$(inherited)",
				);
				GCC_WARN_64_TO_32_BIT_CONVERSION = YES;
				GCC_WARN_ABOUT_RETURN_TYPE = YES_ERROR;
				GCC_WARN_UNDECLARED_SELECTOR = YES;
				GCC_WARN_UNINITIALIZED_AUTOS = YES_AGGRESSIVE;
				GCC_WARN_UNUSED_FUNCTION = YES;
				GCC_WARN_UNUSED_VARIABLE = YES;
				IPHONEOS_DEPLOYMENT_TARGET = 16.4;
				MTL_ENABLE_DEBUG_INFO = INCLUDE_SOURCE;
				MTL_FAST_MATH = YES;
				ONLY_ACTIVE_ARCH = YES;
				SDKROOT = iphoneos;
				SWIFT_ACTIVE_COMPILATION_CONDITIONS = DEBUG;
				SWIFT_OPTIMIZATION_LEVEL = "-Onone";
			};
			name = Debug;
		};
		3DC37E212CF78F6500E7FB1B /* Release */ = {
			isa = XCBuildConfiguration;
			buildSettings = {
				ALWAYS_SEARCH_USER_PATHS = NO;
				CLANG_ANALYZER_NONNULL = YES;
				CLANG_ANALYZER_NUMBER_OBJECT_CONVERSION = YES_AGGRESSIVE;
				CLANG_CXX_LANGUAGE_STANDARD = "gnu++20";
				CLANG_ENABLE_MODULES = YES;
				CLANG_ENABLE_OBJC_ARC = YES;
				CLANG_ENABLE_OBJC_WEAK = YES;
				CLANG_WARN_BLOCK_CAPTURE_AUTORELEASING = YES;
				CLANG_WARN_BOOL_CONVERSION = YES;
				CLANG_WARN_COMMA = YES;
				CLANG_WARN_CONSTANT_CONVERSION = YES;
				CLANG_WARN_DEPRECATED_OBJC_IMPLEMENTATIONS = YES;
				CLANG_WARN_DIRECT_OBJC_ISA_USAGE = YES_ERROR;
				CLANG_WARN_DOCUMENTATION_COMMENTS = YES;
				CLANG_WARN_EMPTY_BODY = YES;
				CLANG_WARN_ENUM_CONVERSION = YES;
				CLANG_WARN_INFINITE_RECURSION = YES;
				CLANG_WARN_INT_CONVERSION = YES;
				CLANG_WARN_NON_LITERAL_NULL_CONVERSION = YES;
				CLANG_WARN_OBJC_IMPLICIT_RETAIN_SELF = YES;
				CLANG_WARN_OBJC_LITERAL_CONVERSION = YES;
				CLANG_WARN_OBJC_ROOT_CLASS = YES_ERROR;
				CLANG_WARN_QUOTED_INCLUDE_IN_FRAMEWORK_HEADER = YES;
				CLANG_WARN_RANGE_LOOP_ANALYSIS = YES;
				CLANG_WARN_STRICT_PROTOTYPES = YES;
				CLANG_WARN_SUSPICIOUS_MOVE = YES;
				CLANG_WARN_UNGUARDED_AVAILABILITY = YES_AGGRESSIVE;
				CLANG_WARN_UNREACHABLE_CODE = YES;
				CLANG_WARN__DUPLICATE_METHOD_MATCH = YES;
				COPY_PHASE_STRIP = NO;
				DEBUG_INFORMATION_FORMAT = "dwarf-with-dsym";
				ENABLE_NS_ASSERTIONS = NO;
				ENABLE_STRICT_OBJC_MSGSEND = YES;
				GCC_C_LANGUAGE_STANDARD = gnu11;
				GCC_NO_COMMON_BLOCKS = YES;
				GCC_WARN_64_TO_32_BIT_CONVERSION = YES;
				GCC_WARN_ABOUT_RETURN_TYPE = YES_ERROR;
				GCC_WARN_UNDECLARED_SELECTOR = YES;
				GCC_WARN_UNINITIALIZED_AUTOS = YES_AGGRESSIVE;
				GCC_WARN_UNUSED_FUNCTION = YES;
				GCC_WARN_UNUSED_VARIABLE = YES;
				IPHONEOS_DEPLOYMENT_TARGET = 16.4;
				MTL_ENABLE_DEBUG_INFO = NO;
				MTL_FAST_MATH = YES;
				SDKROOT = iphoneos;
				SWIFT_COMPILATION_MODE = wholemodule;
				SWIFT_OPTIMIZATION_LEVEL = "-O";
				VALIDATE_PRODUCT = YES;
			};
			name = Release;
		};
		3DC37E232CF78F6500E7FB1B /* Debug */ = {
			isa = XCBuildConfiguration;
			buildSettings = {
				ASSETCATALOG_COMPILER_APPICON_NAME = AppIcon;
				ASSETCATALOG_COMPILER_GLOBAL_ACCENT_COLOR_NAME = AccentColor;
				CODE_SIGN_STYLE = Automatic;
				CURRENT_PROJECT_VERSION = 1;
				DEVELOPMENT_ASSET_PATHS = "\"Passionfy/Preview Content\"";
				DEVELOPMENT_TEAM = PX63F4TNY3;
				ENABLE_PREVIEWS = YES;
				GENERATE_INFOPLIST_FILE = YES;
				INFOPLIST_KEY_UIApplicationSceneManifest_Generation = YES;
				INFOPLIST_KEY_UIApplicationSupportsIndirectInputEvents = YES;
				INFOPLIST_KEY_UILaunchScreen_Generation = YES;
				INFOPLIST_KEY_UISupportedInterfaceOrientations_iPad = "UIInterfaceOrientationPortrait UIInterfaceOrientationPortraitUpsideDown UIInterfaceOrientationLandscapeLeft UIInterfaceOrientationLandscapeRight";
				INFOPLIST_KEY_UISupportedInterfaceOrientations_iPhone = "UIInterfaceOrientationPortrait UIInterfaceOrientationLandscapeLeft UIInterfaceOrientationLandscapeRight";
				LD_RUNPATH_SEARCH_PATHS = (
					"$(inherited)",
					"@executable_path/Frameworks",
				);
				MARKETING_VERSION = 1.0;
				PRODUCT_BUNDLE_IDENTIFIER = com.dreamsoftware.Passionfy;
				PRODUCT_NAME = "$(TARGET_NAME)";
				SWIFT_EMIT_LOC_STRINGS = YES;
				SWIFT_VERSION = 5.0;
				TARGETED_DEVICE_FAMILY = "1,2";
			};
			name = Debug;
		};
		3DC37E242CF78F6500E7FB1B /* Release */ = {
			isa = XCBuildConfiguration;
			buildSettings = {
				ASSETCATALOG_COMPILER_APPICON_NAME = AppIcon;
				ASSETCATALOG_COMPILER_GLOBAL_ACCENT_COLOR_NAME = AccentColor;
				CODE_SIGN_STYLE = Automatic;
				CURRENT_PROJECT_VERSION = 1;
				DEVELOPMENT_ASSET_PATHS = "\"Passionfy/Preview Content\"";
				DEVELOPMENT_TEAM = PX63F4TNY3;
				ENABLE_PREVIEWS = YES;
				GENERATE_INFOPLIST_FILE = YES;
				INFOPLIST_KEY_UIApplicationSceneManifest_Generation = YES;
				INFOPLIST_KEY_UIApplicationSupportsIndirectInputEvents = YES;
				INFOPLIST_KEY_UILaunchScreen_Generation = YES;
				INFOPLIST_KEY_UISupportedInterfaceOrientations_iPad = "UIInterfaceOrientationPortrait UIInterfaceOrientationPortraitUpsideDown UIInterfaceOrientationLandscapeLeft UIInterfaceOrientationLandscapeRight";
				INFOPLIST_KEY_UISupportedInterfaceOrientations_iPhone = "UIInterfaceOrientationPortrait UIInterfaceOrientationLandscapeLeft UIInterfaceOrientationLandscapeRight";
				LD_RUNPATH_SEARCH_PATHS = (
					"$(inherited)",
					"@executable_path/Frameworks",
				);
				MARKETING_VERSION = 1.0;
				PRODUCT_BUNDLE_IDENTIFIER = com.dreamsoftware.Passionfy;
				PRODUCT_NAME = "$(TARGET_NAME)";
				SWIFT_EMIT_LOC_STRINGS = YES;
				SWIFT_VERSION = 5.0;
				TARGETED_DEVICE_FAMILY = "1,2";
			};
			name = Release;
		};
/* End XCBuildConfiguration section */

/* Begin XCConfigurationList section */
		3DC37E0F2CF78F6200E7FB1B /* Build configuration list for PBXProject "Passionfy" */ = {
			isa = XCConfigurationList;
			buildConfigurations = (
				3DC37E202CF78F6500E7FB1B /* Debug */,
				3DC37E212CF78F6500E7FB1B /* Release */,
			);
			defaultConfigurationIsVisible = 0;
			defaultConfigurationName = Release;
		};
		3DC37E222CF78F6500E7FB1B /* Build configuration list for PBXNativeTarget "Passionfy" */ = {
			isa = XCConfigurationList;
			buildConfigurations = (
				3DC37E232CF78F6500E7FB1B /* Debug */,
				3DC37E242CF78F6500E7FB1B /* Release */,
			);
			defaultConfigurationIsVisible = 0;
			defaultConfigurationName = Release;
		};
/* End XCConfigurationList section */

/* Begin XCRemoteSwiftPackageReference section */
		3D185DB22D03285D009A4935 /* XCRemoteSwiftPackageReference "Factory" */ = {
			isa = XCRemoteSwiftPackageReference;
			repositoryURL = "https://github.com/hmlongco/Factory.git";
			requirement = {
				kind = upToNextMajorVersion;
				minimumVersion = 2.0.0;
			};
		};
		3D185DB52D0329B8009A4935 /* XCRemoteSwiftPackageReference "firebase-ios-sdk" */ = {
			isa = XCRemoteSwiftPackageReference;
			repositoryURL = "https://github.com/firebase/firebase-ios-sdk.git";
			requirement = {
				kind = upToNextMajorVersion;
				minimumVersion = 10.0.21;
			};
		};
		3DC9D0AA2D033A2F00F41DED /* XCRemoteSwiftPackageReference "Kingfisher" */ = {
			isa = XCRemoteSwiftPackageReference;
			repositoryURL = "https://github.com/onevcat/Kingfisher.git";
			requirement = {
				kind = exactVersion;
				version = 7.12.0;
			};
		};
/* End XCRemoteSwiftPackageReference section */

/* Begin XCSwiftPackageProductDependency section */
		3D185DB32D03285D009A4935 /* Factory */ = {
			isa = XCSwiftPackageProductDependency;
			package = 3D185DB22D03285D009A4935 /* XCRemoteSwiftPackageReference "Factory" */;
			productName = Factory;
		};
		3D185DB62D0329B8009A4935 /* FirebaseAuth */ = {
			isa = XCSwiftPackageProductDependency;
			package = 3D185DB52D0329B8009A4935 /* XCRemoteSwiftPackageReference "firebase-ios-sdk" */;
			productName = FirebaseAuth;
		};
		3D185DB82D0329B8009A4935 /* FirebaseFirestore */ = {
			isa = XCSwiftPackageProductDependency;
			package = 3D185DB52D0329B8009A4935 /* XCRemoteSwiftPackageReference "firebase-ios-sdk" */;
			productName = FirebaseFirestore;
		};
		3D185DBA2D0329B8009A4935 /* FirebaseFirestoreSwift */ = {
			isa = XCSwiftPackageProductDependency;
			package = 3D185DB52D0329B8009A4935 /* XCRemoteSwiftPackageReference "firebase-ios-sdk" */;
			productName = FirebaseFirestoreSwift;
		};
		3D185DBC2D0329B8009A4935 /* FirebaseStorage */ = {
			isa = XCSwiftPackageProductDependency;
			package = 3D185DB52D0329B8009A4935 /* XCRemoteSwiftPackageReference "firebase-ios-sdk" */;
			productName = FirebaseStorage;
		};
		3DC9D0AB2D033A2F00F41DED /* Kingfisher */ = {
			isa = XCSwiftPackageProductDependency;
			package = 3DC9D0AA2D033A2F00F41DED /* XCRemoteSwiftPackageReference "Kingfisher" */;
			productName = Kingfisher;
		};
/* End XCSwiftPackageProductDependency section */
	};
	rootObject = 3DC37E0C2CF78F6200E7FB1B /* Project object */;
}
